<?xml version="1.0" encoding="utf-8"?>
<Project ToolsVersion="4.0" xmlns="http://schemas.microsoft.com/developer/msbuild/2003">
  <ItemGroup>
    <Filter Include="Source Files">
      <UniqueIdentifier>{4FC737F1-C7A5-4376-A066-2A32D752A2FF}</UniqueIdentifier>
      <Extensions>cpp;c;cc;cxx;c++;cppm;ixx;def;odl;idl;hpj;bat;asm;asmx</Extensions>
    </Filter>
    <Filter Include="Header Files">
      <UniqueIdentifier>{93995380-89BD-4b04-88EB-625FBE52EBFB}</UniqueIdentifier>
      <Extensions>h;hh;hpp;hxx;h++;hm;inl;inc;ipp;xsd</Extensions>
    </Filter>
    <Filter Include="Resource Files">
      <UniqueIdentifier>{67DA6AB6-F800-4c08-8B7A-83BB121AAD01}</UniqueIdentifier>
      <Extensions>rc;ico;cur;bmp;dlg;rc2;rct;bin;rgs;gif;jpg;jpeg;jpe;resx;tiff;tif;png;wav;mfcribbon-ms</Extensions>
    </Filter>
  </ItemGroup>
  <ItemGroup>
    <ClInclude Include="AssetManager.h">
      <Filter>Header Files</Filter>
    </ClInclude>
    <ClInclude Include="AssetManager.pch.h">
      <Filter>Header Files</Filter>
    </ClInclude>
    <ClInclude Include="ComponentSystem\GameObject.h">
      <Filter>Header Files</Filter>
    </ClInclude>
    <ClInclude Include="ComponentSystem\Components\MeshRenderer.h">
      <Filter>Header Files</Filter>
    </ClInclude>
    <ClInclude Include="ComponentSystem\Component.h">
      <Filter>Header Files</Filter>
    </ClInclude>
    <ClInclude Include="ComponentSystem\GameObjectManager.h">
      <Filter>Header Files</Filter>
    </ClInclude>
    <ClInclude Include="ComponentSystem\ComponentManager.h">
      <Filter>Header Files</Filter>
    </ClInclude>
    <ClInclude Include="ComponentSystem\Components\DEBUGCOMPONENTS\BackgroundColor.h">
      <Filter>Header Files</Filter>
    </ClInclude>
    <ClInclude Include="ComponentSystem\Components\DEBUGCOMPONENTS\ImGuiComponent.h">
      <Filter>Header Files</Filter>
    </ClInclude>
    <ClInclude Include="ComponentSystem\Components\Animator.h">
      <Filter>Header Files</Filter>
    </ClInclude>
    <ClInclude Include="ComponentSystem\Components\Transform.h">
      <Filter>Header Files</Filter>
    </ClInclude>
    <ClInclude Include="Objects\BaseAssets\MeshAsset.h">
      <Filter>Header Files</Filter>
    </ClInclude>
    <ClInclude Include="Objects\BaseAssets\BaseAsset.h">
      <Filter>Header Files</Filter>
    </ClInclude>
    <ClInclude Include="Objects\BaseAssets\Animations.h">
      <Filter>Header Files</Filter>
    </ClInclude>
    <ClInclude Include="Objects\BaseAssets\MaterialAsset.h">
      <Filter>Header Files</Filter>
    </ClInclude>
    <ClInclude Include="Objects\BaseAssets\TextureAsset.h">
      <Filter>Header Files</Filter>
    </ClInclude>
    <ClInclude Include="ComponentSystem\Components\Skybox.h">
      <Filter>Header Files</Filter>
    </ClInclude>
    <ClInclude Include="ComponentSystem\Components\LightComponent.h">
      <Filter>Header Files</Filter>
    </ClInclude>
    <ClInclude Include="Objects\BaseAssets\LightDataBase.h">
      <Filter>Header Files</Filter>
    </ClInclude>
    <ClInclude Include="ComponentSystem\Components\CameraComponent.h">
      <Filter>Header Files</Filter>
    </ClInclude>
    <ClInclude Include="ComponentSystem\Components\DEBUGCOMPONENTS\FrameStatistics.h">
      <Filter>Header Files</Filter>
    </ClInclude>
    <ClInclude Include="ComponentSystem\Components\DEBUGCOMPONENTS\RenderMode.h">
      <Filter>Header Files</Filter>
    </ClInclude>
    <ClInclude Include="Objects\BaseAssets\ParticleEmitter.h">
      <Filter>Header Files</Filter>
    </ClInclude>
    <ClInclude Include="ComponentSystem\Components\ParticleSystem.h">
      <Filter>Header Files</Filter>
    </ClInclude>
    <ClInclude Include="ComponentSystem\Components\ActorSystem\cActor.h">
      <Filter>Header Files</Filter>
    </ClInclude>
    <ClInclude Include="Objects\AI\AgentSystem\Controllers\Controller.h">
      <Filter>Header Files</Filter>
    </ClInclude>
    <ClInclude Include="Objects\AI\AgentSystem\Controllers\DefaultControllers\EventController.h">
      <Filter>Header Files</Filter>
    </ClInclude>
    <ClInclude Include="Objects\AI\AgentSystem\Controllers\PlayerController.h">
      <Filter>Header Files</Filter>
    </ClInclude>
    <ClInclude Include="Objects\AI\AgentSystem\Controllers\DefaultControllers\PollingController.h">
      <Filter>Header Files</Filter>
    </ClInclude>
    <ClInclude Include="Objects\AI\AgentSystem\Actor.h">
      <Filter>Header Files</Filter>
    </ClInclude>
    <ClInclude Include="Objects\AI\AgentSystem\AIEventManager.h">
      <Filter>Header Files</Filter>
    </ClInclude>
    <ClInclude Include="Objects\AI\AgentSystem\PollingStations\PollingStation.h">
      <Filter>Header Files</Filter>
    </ClInclude>
    <ClInclude Include="Objects\AI\NavMesh\NavMesh.h">
      <Filter>Header Files</Filter>
    </ClInclude>
    <ClInclude Include="ComponentSystem\Components\Physics\cPhysics_Kinematic.h">
      <Filter>Header Files</Filter>
    </ClInclude>
    <ClInclude Include="ComponentSystem\Components\Physics\cPhysics_Newtonian.h">
      <Filter>Header Files</Filter>
    </ClInclude>
    <ClInclude Include="ComponentSystem\UUID.h">
      <Filter>Header Files</Filter>
    </ClInclude>
    <ClInclude Include="Objects\AI\AgentSystem\Controllers\WanderController.h">
      <Filter>Header Files</Filter>
    </ClInclude>
    <ClInclude Include="Objects\AI\AgentSystem\Controllers\SeparationController.h">
      <Filter>Header Files</Filter>
    </ClInclude>
    <ClInclude Include="Objects\AI\AgentSystem\Controllers\AIController.h">
      <Filter>Header Files</Filter>
    </ClInclude>
    <ClInclude Include="Objects\AI\AgentSystem\PollingStations\Target_PollingStation.h">
      <Filter>Header Files</Filter>
    </ClInclude>
    <ClInclude Include="Objects\AI\AgentSystem\SteeringBehaviour.h">
      <Filter>Header Files</Filter>
    </ClInclude>
    <ClInclude Include="AssetManagerUtills.hpp">
      <Filter>Header Files</Filter>
    </ClInclude>
    <ClInclude Include="Objects\AI\AgentSystem\DecisionTree\DecisionTree.h">
      <Filter>Header Files</Filter>
    </ClInclude>
    <ClInclude Include="ComponentSystem\Components\Collider.h">
      <Filter>Header Files</Filter>
    </ClInclude>
    <ClInclude Include="Objects\BaseAssets\ColliderAsset.h">
      <Filter>Header Files</Filter>
    </ClInclude>
    <ClInclude Include="Objects\AI\AgentSystem\AIPollingManager.h">
      <Filter>Header Files</Filter>
    </ClInclude>
    <ClInclude Include="ComponentSystem\Components\ActorSystem\CombatComponent.h">
      <Filter>Header Files</Filter>
    </ClInclude>
    <ClInclude Include="ComponentSystem\Components\TaskSpecific\ProjectileComponent.h">
      <Filter>Header Files</Filter>
    </ClInclude>
    <ClInclude Include="Objects\AI\AgentSystem\StateMachine\StateMachineBase.h">
      <Filter>Header Files</Filter>
    </ClInclude>
  </ItemGroup>
  <ItemGroup>
    <ClCompile Include="AssetManager.pch.cpp">
      <Filter>Source Files</Filter>
    </ClCompile>
    <ClCompile Include="AssetManager.cpp">
      <Filter>Source Files</Filter>
    </ClCompile>
    <ClCompile Include="ComponentSystem\Source\GameObject.cpp">
      <Filter>Source Files</Filter>
    </ClCompile>
    <ClCompile Include="ComponentSystem\Components\Source\MeshRenderer.cpp">
      <Filter>Source Files</Filter>
    </ClCompile>
    <ClCompile Include="ComponentSystem\Source\Component.cpp">
      <Filter>Source Files</Filter>
    </ClCompile>
    <ClCompile Include="ComponentSystem\Source\GameObjectManager.cpp">
      <Filter>Source Files</Filter>
    </ClCompile>
    <ClCompile Include="ComponentSystem\Source\ComponentManager.cpp">
      <Filter>Source Files</Filter>
    </ClCompile>
    <ClCompile Include="ComponentSystem\Components\DEBUGCOMPONENTS\Source\BackgroundColor.cpp">
      <Filter>Source Files</Filter>
    </ClCompile>
    <ClCompile Include="ComponentSystem\Components\Source\Animator.cpp">
      <Filter>Source Files</Filter>
    </ClCompile>
    <ClCompile Include="ComponentSystem\Components\Source\Transform.cpp">
      <Filter>Source Files</Filter>
    </ClCompile>
    <ClCompile Include="Objects\BaseAssets\Source\MeshAsset.cpp">
      <Filter>Source Files</Filter>
    </ClCompile>
    <ClCompile Include="Objects\BaseAssets\Source\BaseAsset.cpp">
      <Filter>Source Files</Filter>
    </ClCompile>
    <ClCompile Include="Objects\BaseAssets\Source\Animations.cpp">
      <Filter>Source Files</Filter>
    </ClCompile>
    <ClCompile Include="Objects\BaseAssets\Source\MaterialAsset.cpp">
      <Filter>Source Files</Filter>
    </ClCompile>
    <ClCompile Include="Objects\BaseAssets\Source\TextureAsset.cpp">
      <Filter>Source Files</Filter>
    </ClCompile>
    <ClCompile Include="ComponentSystem\Components\Source\Skybox.cpp">
      <Filter>Source Files</Filter>
    </ClCompile>
    <ClCompile Include="ComponentSystem\Components\Source\LightComponent.cpp">
      <Filter>Source Files</Filter>
    </ClCompile>
    <ClCompile Include="Objects\BaseAssets\Source\LightDataBase.cpp">
      <Filter>Source Files</Filter>
    </ClCompile>
    <ClCompile Include="ComponentSystem\Components\Source\CameraComponent.cpp">
      <Filter>Source Files</Filter>
    </ClCompile>
    <ClCompile Include="ComponentSystem\Components\DEBUGCOMPONENTS\Source\FrameStatistics.cpp">
      <Filter>Source Files</Filter>
    </ClCompile>
    <ClCompile Include="ComponentSystem\Components\DEBUGCOMPONENTS\Source\RenderMode.cpp">
      <Filter>Source Files</Filter>
    </ClCompile>
    <ClCompile Include="Objects\BaseAssets\Source\ParticleEmitter.cpp">
      <Filter>Source Files</Filter>
    </ClCompile>
    <ClCompile Include="ComponentSystem\Components\Source\ParticleSystem.cpp">
      <Filter>Source Files</Filter>
    </ClCompile>
    <ClCompile Include="ComponentSystem\Components\ActorSystem\Source\cActor.cpp">
      <Filter>Source Files</Filter>
    </ClCompile>
    <ClCompile Include="Objects\AI\AgentSystem\Controllers\Source\Controller.cpp">
      <Filter>Source Files</Filter>
    </ClCompile>
    <ClCompile Include="Objects\AI\AgentSystem\Controllers\DefaultControllers\Source\EventController.cpp">
      <Filter>Source Files</Filter>
    </ClCompile>
    <ClCompile Include="Objects\AI\AgentSystem\Controllers\Source\PlayerController.cpp">
      <Filter>Source Files</Filter>
    </ClCompile>
    <ClCompile Include="Objects\AI\AgentSystem\Controllers\DefaultControllers\Source\PollingController.cpp">
      <Filter>Source Files</Filter>
    </ClCompile>
    <ClCompile Include="Objects\AI\AgentSystem\Source\Actor.cpp">
      <Filter>Source Files</Filter>
    </ClCompile>
    <ClCompile Include="Objects\AI\AgentSystem\Source\AIEventManager.cpp">
      <Filter>Source Files</Filter>
    </ClCompile>
    <ClCompile Include="Objects\AI\AgentSystem\PollingStations\Source\PollingStation.cpp">
      <Filter>Source Files</Filter>
    </ClCompile>
    <ClCompile Include="Objects\AI\NavMesh\Source\NavMesh.cpp">
      <Filter>Source Files</Filter>
    </ClCompile>
    <ClCompile Include="ComponentSystem\Components\Physics\Source\cPhysics_Kinematic.cpp">
      <Filter>Source Files</Filter>
    </ClCompile>
    <ClCompile Include="ComponentSystem\Components\Physics\Source\cPhysics_Newtonian.cpp">
      <Filter>Source Files</Filter>
    </ClCompile>
    <ClCompile Include="Objects\AI\AgentSystem\Controllers\Source\WanderController.cpp">
      <Filter>Source Files</Filter>
    </ClCompile>
    <ClCompile Include="Objects\AI\AgentSystem\Controllers\Source\SeparationController.cpp">
      <Filter>Source Files</Filter>
    </ClCompile>
    <ClCompile Include="Objects\AI\AgentSystem\Controllers\Source\AIController.cpp">
      <Filter>Source Files</Filter>
    </ClCompile>
    <ClCompile Include="Objects\AI\AgentSystem\PollingStations\Source\Target_PollingStation.cpp">
      <Filter>Source Files</Filter>
    </ClCompile>
    <ClCompile Include="Objects\AI\AgentSystem\Source\SteeringBehaviour.cpp">
      <Filter>Source Files</Filter>
    </ClCompile>
    <ClCompile Include="AssetManagerUtills.cpp">
      <Filter>Source Files</Filter>
    </ClCompile>
    <ClCompile Include="Objects\AI\AgentSystem\DecisionTree\Source\DecisionTree.cpp">
      <Filter>Source Files</Filter>
    </ClCompile>
    <ClCompile Include="ComponentSystem\Components\Source\Collider.cpp">
      <Filter>Source Files</Filter>
    </ClCompile>
    <ClCompile Include="Objects\BaseAssets\Source\ColliderAsset.cpp">
      <Filter>Source Files</Filter>
    </ClCompile>
    <ClCompile Include="Objects\AI\AgentSystem\Source\AIPollingManager.cpp">
      <Filter>Source Files</Filter>
    </ClCompile>
    <ClCompile Include="ComponentSystem\Components\ActorSystem\Source\CombatComponent.cpp">
      <Filter>Source Files</Filter>
    </ClCompile>
    <ClCompile Include="ComponentSystem\Components\TaskSpecific\Source\ProjectileComponent.cpp">
      <Filter>Source Files</Filter>
    </ClCompile>
    <ClCompile Include="Objects\AI\AgentSystem\StateMachine\Source\StateMachineBase.cpp">
      <Filter>Source Files</Filter>
    </ClCompile>
  </ItemGroup>
</Project>