
Microsoft Visual Studio Solution File, Format Version 12.00
# Visual Studio Version 17
VisualStudioVersion = 17.3.32811.315
MinimumVisualStudioVersion = 10.0.40219.1
Project("{8BC9CEB8-8B4A-11D0-8D11-00A0C91BC942}") = "AssetManager", "Engine\AssetManager\AssetManager.vcxproj", "{EB78804E-5BF9-45D7-8E83-F03765BED7AB}"
	ProjectSection(ProjectDependencies) = postProject
		{68206C2F-A849-4E47-A524-B0D457D7A09F} = {68206C2F-A849-4E47-A524-B0D457D7A09F}
		{6C8D37B4-41CF-42A1-A344-5F62FD042CAF} = {6C8D37B4-41CF-42A1-A344-5F62FD042CAF}
		{B7232C9E-466F-46A5-A0A4-EA832733A352} = {B7232C9E-466F-46A5-A0A4-EA832733A352}
	EndProjectSection
EndProject
Project("{2150E333-8FDC-42A3-9474-1A3956D46DE8}") = "Tools", "Tools", "{F691C6F0-CCCA-4376-A4F9-FB06F002C99E}"
EndProject
Project("{2150E333-8FDC-42A3-9474-1A3956D46DE8}") = "Game", "Game", "{A4DB8E53-DC91-406A-80C8-637BB750D60D}"
EndProject
Project("{2150E333-8FDC-42A3-9474-1A3956D46DE8}") = "Engine", "Engine", "{A07672F0-2D07-4A6B-891C-E3109E1E7FD5}"
EndProject
Project("{8BC9CEB8-8B4A-11D0-8D11-00A0C91BC942}") = "Logging", "Tools\Logging\Logging.vcxproj", "{6C8D37B4-41CF-42A1-A344-5F62FD042CAF}"
EndProject
Project("{8BC9CEB8-8B4A-11D0-8D11-00A0C91BC942}") = "GraphicsEngine", "Engine\GraphicsEngine\GraphicsEngine.vcxproj", "{AA66E648-1C0F-41D6-B339-9058E5A85B4E}"
	ProjectSection(ProjectDependencies) = postProject
		{68206C2F-A849-4E47-A524-B0D457D7A09F} = {68206C2F-A849-4E47-A524-B0D457D7A09F}
		{6C8D37B4-41CF-42A1-A344-5F62FD042CAF} = {6C8D37B4-41CF-42A1-A344-5F62FD042CAF}
		{A2B85F25-5933-41EF-A8FD-B3D9AF534090} = {A2B85F25-5933-41EF-A8FD-B3D9AF534090}
		{B7232C9E-466F-46A5-A0A4-EA832733A352} = {B7232C9E-466F-46A5-A0A4-EA832733A352}
	EndProjectSection
EndProject
Project("{8BC9CEB8-8B4A-11D0-8D11-00A0C91BC942}") = "Utilities", "Tools\Utilities\Utilities.vcxproj", "{B7232C9E-466F-46A5-A0A4-EA832733A352}"
EndProject
Project("{2150E333-8FDC-42A3-9474-1A3956D46DE8}") = "Editor", "Editor", "{C0E6B880-DDA1-4CA5-B4FB-90B24100A474}"
	ProjectSection(SolutionItems) = preProject
		.editorconfig = .editorconfig
	EndProjectSection
EndProject
Project("{8BC9CEB8-8B4A-11D0-8D11-00A0C91BC942}") = "GameLauncher", "Game\GameLauncher\Modelviewer.vcxproj", "{22A9F47B-5CE9-470B-AE62-562504394512}"
	ProjectSection(ProjectDependencies) = postProject
		{7E29E534-4BFB-41DD-A2A3-160963CCFC3D} = {7E29E534-4BFB-41DD-A2A3-160963CCFC3D}
	EndProjectSection
EndProject
Project("{8BC9CEB8-8B4A-11D0-8D11-00A0C91BC942}") = "PersistentSystems", "Engine\PersistentSystems\PersistentSystems.vcxproj", "{79BD4629-E0FC-4D67-9977-8D581ACD8861}"
	ProjectSection(ProjectDependencies) = postProject
		{68206C2F-A849-4E47-A524-B0D457D7A09F} = {68206C2F-A849-4E47-A524-B0D457D7A09F}
		{B7232C9E-466F-46A5-A0A4-EA832733A352} = {B7232C9E-466F-46A5-A0A4-EA832733A352}
	EndProjectSection
EndProject
Project("{2150E333-8FDC-42A3-9474-1A3956D46DE8}") = "DirectX", "DirectX", "{45B176AB-3175-4F4D-88E5-EDC49D47D143}"
EndProject
Project("{8BC9CEB8-8B4A-11D0-8D11-00A0C91BC942}") = "DirectXTex", "DirectX\DirectXTex\DirectXTex_Desktop_2022.vcxproj", "{371B9FA9-4C90-4AC6-A123-ACED756D6C77}"
EndProject
Project("{8BC9CEB8-8B4A-11D0-8D11-00A0C91BC942}") = "Editor", "Editor\Editor\Editor.vcxproj", "{7E29E534-4BFB-41DD-A2A3-160963CCFC3D}"
	ProjectSection(ProjectDependencies) = postProject
		{B7232C9E-466F-46A5-A0A4-EA832733A352} = {B7232C9E-466F-46A5-A0A4-EA832733A352}
		{EB78804E-5BF9-45D7-8E83-F03765BED7AB} = {EB78804E-5BF9-45D7-8E83-F03765BED7AB}
	EndProjectSection
EndProject
Project("{8BC9CEB8-8B4A-11D0-8D11-00A0C91BC942}") = "Executable", "Executable\Executable\Executable.vcxproj", "{0A40525C-7E8C-4420-B9AA-95553A74F326}"
	ProjectSection(ProjectDependencies) = postProject
		{7E29E534-4BFB-41DD-A2A3-160963CCFC3D} = {7E29E534-4BFB-41DD-A2A3-160963CCFC3D}
	EndProjectSection
EndProject
Project("{8BC9CEB8-8B4A-11D0-8D11-00A0C91BC942}") = "DirectXTK12", "DirectX\XTK\DirectXTK_Desktop_2022_Win10.vcxproj", "{3E0E8608-CD9B-4C76-AF33-29CA38F2C9F0}"
EndProject
Project("{8BC9CEB8-8B4A-11D0-8D11-00A0C91BC942}") = "DirectXLibrary", "DirectX\DX12\DirectXLibrary.vcxproj", "{A2B85F25-5933-41EF-A8FD-B3D9AF534090}"
	ProjectSection(ProjectDependencies) = postProject
		{3E0E8608-CD9B-4C76-AF33-29CA38F2C9F0} = {3E0E8608-CD9B-4C76-AF33-29CA38F2C9F0}
	EndProjectSection
EndProject
Project("{8BC9CEB8-8B4A-11D0-8D11-00A0C91BC942}") = "ImGui", "Tools\ImGui\ImGui.vcxproj", "{68206C2F-A849-4E47-A524-B0D457D7A09F}"
EndProject
Project("{2150E333-8FDC-42A3-9474-1A3956D46DE8}") = "Testing", "Testing", "{DDFA9469-9377-4064-8706-1AEC8EFEA8B5}"
EndProject
Project("{8BC9CEB8-8B4A-11D0-8D11-00A0C91BC942}") = "Testing", "Testing\Testing.vcxproj", "{AFD1BF83-19C0-4579-9072-BF4E3AB7250A}"
EndProject
Global
	GlobalSection(SolutionConfigurationPlatforms) = preSolution
		Debug|x64 = Debug|x64
		Debug|x86 = Debug|x86
		Release|x64 = Release|x64
		Release|x86 = Release|x86
	EndGlobalSection
	GlobalSection(ProjectConfigurationPlatforms) = postSolution
		{EB78804E-5BF9-45D7-8E83-F03765BED7AB}.Debug|x64.ActiveCfg = Debug|x64
		{EB78804E-5BF9-45D7-8E83-F03765BED7AB}.Debug|x64.Build.0 = Debug|x64
		{EB78804E-5BF9-45D7-8E83-F03765BED7AB}.Debug|x86.ActiveCfg = Debug|Win32
		{EB78804E-5BF9-45D7-8E83-F03765BED7AB}.Debug|x86.Build.0 = Debug|Win32
		{EB78804E-5BF9-45D7-8E83-F03765BED7AB}.Release|x64.ActiveCfg = Release|x64
		{EB78804E-5BF9-45D7-8E83-F03765BED7AB}.Release|x64.Build.0 = Release|x64
		{EB78804E-5BF9-45D7-8E83-F03765BED7AB}.Release|x86.ActiveCfg = Release|Win32
		{EB78804E-5BF9-45D7-8E83-F03765BED7AB}.Release|x86.Build.0 = Release|Win32
		{6C8D37B4-41CF-42A1-A344-5F62FD042CAF}.Debug|x64.ActiveCfg = Debug|x64
		{6C8D37B4-41CF-42A1-A344-5F62FD042CAF}.Debug|x64.Build.0 = Debug|x64
		{6C8D37B4-41CF-42A1-A344-5F62FD042CAF}.Debug|x86.ActiveCfg = Debug|Win32
		{6C8D37B4-41CF-42A1-A344-5F62FD042CAF}.Debug|x86.Build.0 = Debug|Win32
		{6C8D37B4-41CF-42A1-A344-5F62FD042CAF}.Release|x64.ActiveCfg = Release|x64
		{6C8D37B4-41CF-42A1-A344-5F62FD042CAF}.Release|x64.Build.0 = Release|x64
		{6C8D37B4-41CF-42A1-A344-5F62FD042CAF}.Release|x86.ActiveCfg = Release|Win32
		{6C8D37B4-41CF-42A1-A344-5F62FD042CAF}.Release|x86.Build.0 = Release|Win32
		{AA66E648-1C0F-41D6-B339-9058E5A85B4E}.Debug|x64.ActiveCfg = Debug|x64
		{AA66E648-1C0F-41D6-B339-9058E5A85B4E}.Debug|x64.Build.0 = Debug|x64
		{AA66E648-1C0F-41D6-B339-9058E5A85B4E}.Debug|x86.ActiveCfg = Debug|Win32
		{AA66E648-1C0F-41D6-B339-9058E5A85B4E}.Debug|x86.Build.0 = Debug|Win32
		{AA66E648-1C0F-41D6-B339-9058E5A85B4E}.Release|x64.ActiveCfg = Release|x64
		{AA66E648-1C0F-41D6-B339-9058E5A85B4E}.Release|x64.Build.0 = Release|x64
		{AA66E648-1C0F-41D6-B339-9058E5A85B4E}.Release|x86.ActiveCfg = Release|Win32
		{AA66E648-1C0F-41D6-B339-9058E5A85B4E}.Release|x86.Build.0 = Release|Win32
		{B7232C9E-466F-46A5-A0A4-EA832733A352}.Debug|x64.ActiveCfg = Debug|x64
		{B7232C9E-466F-46A5-A0A4-EA832733A352}.Debug|x64.Build.0 = Debug|x64
		{B7232C9E-466F-46A5-A0A4-EA832733A352}.Debug|x86.ActiveCfg = Debug|Win32
		{B7232C9E-466F-46A5-A0A4-EA832733A352}.Debug|x86.Build.0 = Debug|Win32
		{B7232C9E-466F-46A5-A0A4-EA832733A352}.Release|x64.ActiveCfg = Release|x64
		{B7232C9E-466F-46A5-A0A4-EA832733A352}.Release|x64.Build.0 = Release|x64
		{B7232C9E-466F-46A5-A0A4-EA832733A352}.Release|x86.ActiveCfg = Release|Win32
		{B7232C9E-466F-46A5-A0A4-EA832733A352}.Release|x86.Build.0 = Release|Win32
		{22A9F47B-5CE9-470B-AE62-562504394512}.Debug|x64.ActiveCfg = Debug|x64
		{22A9F47B-5CE9-470B-AE62-562504394512}.Debug|x64.Build.0 = Debug|x64
		{22A9F47B-5CE9-470B-AE62-562504394512}.Debug|x86.ActiveCfg = Debug|Win32
		{22A9F47B-5CE9-470B-AE62-562504394512}.Debug|x86.Build.0 = Debug|Win32
		{22A9F47B-5CE9-470B-AE62-562504394512}.Release|x64.ActiveCfg = Release|x64
		{22A9F47B-5CE9-470B-AE62-562504394512}.Release|x64.Build.0 = Release|x64
		{22A9F47B-5CE9-470B-AE62-562504394512}.Release|x86.ActiveCfg = Release|Win32
		{22A9F47B-5CE9-470B-AE62-562504394512}.Release|x86.Build.0 = Release|Win32
		{79BD4629-E0FC-4D67-9977-8D581ACD8861}.Debug|x64.ActiveCfg = Debug|x64
		{79BD4629-E0FC-4D67-9977-8D581ACD8861}.Debug|x64.Build.0 = Debug|x64
		{79BD4629-E0FC-4D67-9977-8D581ACD8861}.Debug|x86.ActiveCfg = Debug|Win32
		{79BD4629-E0FC-4D67-9977-8D581ACD8861}.Debug|x86.Build.0 = Debug|Win32
		{79BD4629-E0FC-4D67-9977-8D581ACD8861}.Release|x64.ActiveCfg = Release|x64
		{79BD4629-E0FC-4D67-9977-8D581ACD8861}.Release|x64.Build.0 = Release|x64
		{79BD4629-E0FC-4D67-9977-8D581ACD8861}.Release|x86.ActiveCfg = Release|Win32
		{79BD4629-E0FC-4D67-9977-8D581ACD8861}.Release|x86.Build.0 = Release|Win32
		{371B9FA9-4C90-4AC6-A123-ACED756D6C77}.Debug|x64.ActiveCfg = Debug|x64
		{371B9FA9-4C90-4AC6-A123-ACED756D6C77}.Debug|x64.Build.0 = Debug|x64
		{371B9FA9-4C90-4AC6-A123-ACED756D6C77}.Debug|x86.ActiveCfg = Debug|Win32
		{371B9FA9-4C90-4AC6-A123-ACED756D6C77}.Debug|x86.Build.0 = Debug|Win32
		{371B9FA9-4C90-4AC6-A123-ACED756D6C77}.Release|x64.ActiveCfg = Release|x64
		{371B9FA9-4C90-4AC6-A123-ACED756D6C77}.Release|x64.Build.0 = Release|x64
		{371B9FA9-4C90-4AC6-A123-ACED756D6C77}.Release|x86.ActiveCfg = Release|Win32
		{371B9FA9-4C90-4AC6-A123-ACED756D6C77}.Release|x86.Build.0 = Release|Win32
		{7E29E534-4BFB-41DD-A2A3-160963CCFC3D}.Debug|x64.ActiveCfg = Debug|x64
		{7E29E534-4BFB-41DD-A2A3-160963CCFC3D}.Debug|x64.Build.0 = Debug|x64
		{7E29E534-4BFB-41DD-A2A3-160963CCFC3D}.Debug|x86.ActiveCfg = Debug|Win32
		{7E29E534-4BFB-41DD-A2A3-160963CCFC3D}.Debug|x86.Build.0 = Debug|Win32
		{7E29E534-4BFB-41DD-A2A3-160963CCFC3D}.Release|x64.ActiveCfg = Release|x64
		{7E29E534-4BFB-41DD-A2A3-160963CCFC3D}.Release|x64.Build.0 = Release|x64
		{7E29E534-4BFB-41DD-A2A3-160963CCFC3D}.Release|x86.ActiveCfg = Release|Win32
		{7E29E534-4BFB-41DD-A2A3-160963CCFC3D}.Release|x86.Build.0 = Release|Win32
		{0A40525C-7E8C-4420-B9AA-95553A74F326}.Debug|x64.ActiveCfg = Debug|x64
		{0A40525C-7E8C-4420-B9AA-95553A74F326}.Debug|x64.Build.0 = Debug|x64
		{0A40525C-7E8C-4420-B9AA-95553A74F326}.Debug|x86.ActiveCfg = Debug|Win32
		{0A40525C-7E8C-4420-B9AA-95553A74F326}.Debug|x86.Build.0 = Debug|Win32
		{0A40525C-7E8C-4420-B9AA-95553A74F326}.Release|x64.ActiveCfg = Release|x64
		{0A40525C-7E8C-4420-B9AA-95553A74F326}.Release|x64.Build.0 = Release|x64
		{0A40525C-7E8C-4420-B9AA-95553A74F326}.Release|x86.ActiveCfg = Release|Win32
		{0A40525C-7E8C-4420-B9AA-95553A74F326}.Release|x86.Build.0 = Release|Win32
		{3E0E8608-CD9B-4C76-AF33-29CA38F2C9F0}.Debug|x64.ActiveCfg = Debug|x64
		{3E0E8608-CD9B-4C76-AF33-29CA38F2C9F0}.Debug|x64.Build.0 = Debug|x64
		{3E0E8608-CD9B-4C76-AF33-29CA38F2C9F0}.Debug|x86.ActiveCfg = Debug|Win32
		{3E0E8608-CD9B-4C76-AF33-29CA38F2C9F0}.Debug|x86.Build.0 = Debug|Win32
		{3E0E8608-CD9B-4C76-AF33-29CA38F2C9F0}.Release|x64.ActiveCfg = Release|x64
		{3E0E8608-CD9B-4C76-AF33-29CA38F2C9F0}.Release|x64.Build.0 = Release|x64
		{3E0E8608-CD9B-4C76-AF33-29CA38F2C9F0}.Release|x86.ActiveCfg = Release|Win32
		{3E0E8608-CD9B-4C76-AF33-29CA38F2C9F0}.Release|x86.Build.0 = Release|Win32
		{A2B85F25-5933-41EF-A8FD-B3D9AF534090}.Debug|x64.ActiveCfg = Debug|x64
		{A2B85F25-5933-41EF-A8FD-B3D9AF534090}.Debug|x64.Build.0 = Debug|x64
		{A2B85F25-5933-41EF-A8FD-B3D9AF534090}.Debug|x86.ActiveCfg = Debug|Win32
		{A2B85F25-5933-41EF-A8FD-B3D9AF534090}.Debug|x86.Build.0 = Debug|Win32
		{A2B85F25-5933-41EF-A8FD-B3D9AF534090}.Release|x64.ActiveCfg = Release|x64
		{A2B85F25-5933-41EF-A8FD-B3D9AF534090}.Release|x64.Build.0 = Release|x64
		{A2B85F25-5933-41EF-A8FD-B3D9AF534090}.Release|x86.ActiveCfg = Release|Win32
		{A2B85F25-5933-41EF-A8FD-B3D9AF534090}.Release|x86.Build.0 = Release|Win32
		{68206C2F-A849-4E47-A524-B0D457D7A09F}.Debug|x64.ActiveCfg = Debug|x64
		{68206C2F-A849-4E47-A524-B0D457D7A09F}.Debug|x64.Build.0 = Debug|x64
		{68206C2F-A849-4E47-A524-B0D457D7A09F}.Debug|x86.ActiveCfg = Debug|Win32
		{68206C2F-A849-4E47-A524-B0D457D7A09F}.Debug|x86.Build.0 = Debug|Win32
		{68206C2F-A849-4E47-A524-B0D457D7A09F}.Release|x64.ActiveCfg = Release|x64
		{68206C2F-A849-4E47-A524-B0D457D7A09F}.Release|x64.Build.0 = Release|x64
		{68206C2F-A849-4E47-A524-B0D457D7A09F}.Release|x86.ActiveCfg = Release|Win32
		{68206C2F-A849-4E47-A524-B0D457D7A09F}.Release|x86.Build.0 = Release|Win32
		{AFD1BF83-19C0-4579-9072-BF4E3AB7250A}.Debug|x64.ActiveCfg = Debug|x64
		{AFD1BF83-19C0-4579-9072-BF4E3AB7250A}.Debug|x64.Build.0 = Debug|x64
		{AFD1BF83-19C0-4579-9072-BF4E3AB7250A}.Debug|x86.ActiveCfg = Debug|Win32
		{AFD1BF83-19C0-4579-9072-BF4E3AB7250A}.Debug|x86.Build.0 = Debug|Win32
		{AFD1BF83-19C0-4579-9072-BF4E3AB7250A}.Release|x64.ActiveCfg = Release|x64
		{AFD1BF83-19C0-4579-9072-BF4E3AB7250A}.Release|x64.Build.0 = Release|x64
		{AFD1BF83-19C0-4579-9072-BF4E3AB7250A}.Release|x86.ActiveCfg = Release|Win32
		{AFD1BF83-19C0-4579-9072-BF4E3AB7250A}.Release|x86.Build.0 = Release|Win32
	EndGlobalSection
	GlobalSection(SolutionProperties) = preSolution
		HideSolutionNode = FALSE
	EndGlobalSection
	GlobalSection(NestedProjects) = preSolution
		{EB78804E-5BF9-45D7-8E83-F03765BED7AB} = {A07672F0-2D07-4A6B-891C-E3109E1E7FD5}
		{6C8D37B4-41CF-42A1-A344-5F62FD042CAF} = {F691C6F0-CCCA-4376-A4F9-FB06F002C99E}
		{AA66E648-1C0F-41D6-B339-9058E5A85B4E} = {A07672F0-2D07-4A6B-891C-E3109E1E7FD5}
		{B7232C9E-466F-46A5-A0A4-EA832733A352} = {F691C6F0-CCCA-4376-A4F9-FB06F002C99E}
		{22A9F47B-5CE9-470B-AE62-562504394512} = {A4DB8E53-DC91-406A-80C8-637BB750D60D}
		{79BD4629-E0FC-4D67-9977-8D581ACD8861} = {A07672F0-2D07-4A6B-891C-E3109E1E7FD5}
		{371B9FA9-4C90-4AC6-A123-ACED756D6C77} = {45B176AB-3175-4F4D-88E5-EDC49D47D143}
		{7E29E534-4BFB-41DD-A2A3-160963CCFC3D} = {C0E6B880-DDA1-4CA5-B4FB-90B24100A474}
		{0A40525C-7E8C-4420-B9AA-95553A74F326} = {C0E6B880-DDA1-4CA5-B4FB-90B24100A474}
		{3E0E8608-CD9B-4C76-AF33-29CA38F2C9F0} = {45B176AB-3175-4F4D-88E5-EDC49D47D143}
		{A2B85F25-5933-41EF-A8FD-B3D9AF534090} = {45B176AB-3175-4F4D-88E5-EDC49D47D143}
		{68206C2F-A849-4E47-A524-B0D457D7A09F} = {F691C6F0-CCCA-4376-A4F9-FB06F002C99E}
		{AFD1BF83-19C0-4579-9072-BF4E3AB7250A} = {DDFA9469-9377-4064-8706-1AEC8EFEA8B5}
	EndGlobalSection
	GlobalSection(ExtensibilityGlobals) = postSolution
		SolutionGuid = {6291F018-61C1-4285-ACFA-72300622B6CB}
	EndGlobalSection
EndGlobal
