
Microsoft Visual Studio Solution File, Format Version 12.00
# Visual Studio Version 17
VisualStudioVersion = 17.3.32811.315
MinimumVisualStudioVersion = 10.0.40219.1
Project("{8BC9CEB8-8B4A-11D0-8D11-00A0C91BC942}") = "AssetManager", "Engine\AssetManager\AssetManager.vcxproj", "{EB78804E-5BF9-45D7-8E83-F03765BED7AB}"
	ProjectSection(ProjectDependencies) = postProject
		{6C8D37B4-41CF-42A1-A344-5F62FD042CAF} = {6C8D37B4-41CF-42A1-A344-5F62FD042CAF}
		{B7232C9E-466F-46A5-A0A4-EA832733A352} = {B7232C9E-466F-46A5-A0A4-EA832733A352}
	EndProjectSection
EndProject
Project("{2150E333-8FDC-42A3-9474-1A3956D46DE8}") = "Tools", "Tools", "{F691C6F0-CCCA-4376-A4F9-FB06F002C99E}"
EndProject
Project("{2150E333-8FDC-42A3-9474-1A3956D46DE8}") = "Game", "Game", "{A4DB8E53-DC91-406A-80C8-637BB750D60D}"
EndProject
Project("{2150E333-8FDC-42A3-9474-1A3956D46DE8}") = "Engine", "Engine", "{A07672F0-2D07-4A6B-891C-E3109E1E7FD5}"
EndProject
Project("{8BC9CEB8-8B4A-11D0-8D11-00A0C91BC942}") = "Logging", "Tools\Logging\Logging.vcxproj", "{6C8D37B4-41CF-42A1-A344-5F62FD042CAF}"
EndProject
Project("{8BC9CEB8-8B4A-11D0-8D11-00A0C91BC942}") = "GraphicsEngine", "Engine\GraphicsEngine\GraphicsEngine.vcxproj", "{AA66E648-1C0F-41D6-B339-9058E5A85B4E}"
	ProjectSection(ProjectDependencies) = postProject
		{A2B85F25-5933-41EF-A8FD-B3D9AF534090} = {A2B85F25-5933-41EF-A8FD-B3D9AF534090}
	EndProjectSection
EndProject
Project("{8BC9CEB8-8B4A-11D0-8D11-00A0C91BC942}") = "Utilities", "Tools\Utilities\Utilities.vcxproj", "{B7232C9E-466F-46A5-A0A4-EA832733A352}"
EndProject
Project("{2150E333-8FDC-42A3-9474-1A3956D46DE8}") = "Editor", "Editor", "{C0E6B880-DDA1-4CA5-B4FB-90B24100A474}"
EndProject
Project("{8BC9CEB8-8B4A-11D0-8D11-00A0C91BC942}") = "GameLauncher", "Game\GameLauncher\Modelviewer.vcxproj", "{22A9F47B-5CE9-470B-AE62-562504394512}"
	ProjectSection(ProjectDependencies) = postProject
		{68206C2F-A849-4E47-A524-B0D457D7A09F} = {68206C2F-A849-4E47-A524-B0D457D7A09F}
		{79BD4629-E0FC-4D67-9977-8D581ACD8861} = {79BD4629-E0FC-4D67-9977-8D581ACD8861}
		{B7232C9E-466F-46A5-A0A4-EA832733A352} = {B7232C9E-466F-46A5-A0A4-EA832733A352}
		{CAB443DD-87C5-4989-A385-F45201559698} = {CAB443DD-87C5-4989-A385-F45201559698}
		{EB78804E-5BF9-45D7-8E83-F03765BED7AB} = {EB78804E-5BF9-45D7-8E83-F03765BED7AB}
	EndProjectSection
EndProject
Project("{8BC9CEB8-8B4A-11D0-8D11-00A0C91BC942}") = "PersistentSystems", "Engine\PersistentSystems\PersistentSystems.vcxproj", "{79BD4629-E0FC-4D67-9977-8D581ACD8861}"
	ProjectSection(ProjectDependencies) = postProject
		{68206C2F-A849-4E47-A524-B0D457D7A09F} = {68206C2F-A849-4E47-A524-B0D457D7A09F}
		{CAB443DD-87C5-4989-A385-F45201559698} = {CAB443DD-87C5-4989-A385-F45201559698}
	EndProjectSection
EndProject
Project("{2150E333-8FDC-42A3-9474-1A3956D46DE8}") = "ImGui", "ImGui", "{2B5F3E65-614C-4109-8B62-895AC1F17CD2}"
EndProject
Project("{8BC9CEB8-8B4A-11D0-8D11-00A0C91BC942}") = "ImGui", "Tools\ImGui\ImGui\ImGui.vcxproj", "{68206C2F-A849-4E47-A524-B0D457D7A09F}"
EndProject
Project("{8BC9CEB8-8B4A-11D0-8D11-00A0C91BC942}") = "MuninGraph", "Tools\ImGui\MuninGraph\MuninGraph.vcxproj", "{CAB443DD-87C5-4989-A385-F45201559698}"
EndProject
Project("{2150E333-8FDC-42A3-9474-1A3956D46DE8}") = "DirectX", "DirectX", "{45B176AB-3175-4F4D-88E5-EDC49D47D143}"
EndProject
Project("{8BC9CEB8-8B4A-11D0-8D11-00A0C91BC942}") = "DirectXLibrary", "DirectX\DirectXLibrary.vcxproj", "{A2B85F25-5933-41EF-A8FD-B3D9AF534090}"
	ProjectSection(ProjectDependencies) = postProject
		{371B9FA9-4C90-4AC6-A123-ACED756D6C77} = {371B9FA9-4C90-4AC6-A123-ACED756D6C77}
		{6C8D37B4-41CF-42A1-A344-5F62FD042CAF} = {6C8D37B4-41CF-42A1-A344-5F62FD042CAF}
	EndProjectSection
EndProject
Project("{8BC9CEB8-8B4A-11D0-8D11-00A0C91BC942}") = "DirectXTex", "DirectX\DirectXTex\DirectXTex_Desktop_2022.vcxproj", "{371B9FA9-4C90-4AC6-A123-ACED756D6C77}"
EndProject
Project("{8BC9CEB8-8B4A-11D0-8D11-00A0C91BC942}") = "MuninGraphEditor", "Tools\ImGui\MuninGraphEditor\MuninGraphEditor.vcxproj", "{3996B64C-9A2B-41F5-9D0E-1A1525DAE621}"
EndProject
Project("{8BC9CEB8-8B4A-11D0-8D11-00A0C91BC942}") = "ScriptGraphNodes", "Tools\ImGui\ScriptGraphNodes\ScriptGraphNodes.vcxproj", "{1B06105B-C006-49EC-8500-983773169CB7}"
EndProject
Project("{2150E333-8FDC-42A3-9474-1A3956D46DE8}") = "Networking", "Networking", "{AE6A5310-FCDC-4F7E-A8C9-8051176C4FF5}"
EndProject
Project("{8BC9CEB8-8B4A-11D0-8D11-00A0C91BC942}") = "Client", "Networking\Client\Client.vcxproj", "{BD41EF6E-2223-4E04-A708-FAC1B9FBED3D}"
	ProjectSection(ProjectDependencies) = postProject
		{8A044BA8-80FC-4205-B7F3-82069F0B29BE} = {8A044BA8-80FC-4205-B7F3-82069F0B29BE}
	EndProjectSection
EndProject
Project("{8BC9CEB8-8B4A-11D0-8D11-00A0C91BC942}") = "NetShared", "Networking\NetShared\NetShared.vcxproj", "{8A044BA8-80FC-4205-B7F3-82069F0B29BE}"
EndProject
Project("{8BC9CEB8-8B4A-11D0-8D11-00A0C91BC942}") = "Server", "Networking\Server\Server.vcxproj", "{D8A5E1A5-EC8E-4100-A193-7D21D53D2513}"
	ProjectSection(ProjectDependencies) = postProject
		{8A044BA8-80FC-4205-B7F3-82069F0B29BE} = {8A044BA8-80FC-4205-B7F3-82069F0B29BE}
		{BD41EF6E-2223-4E04-A708-FAC1B9FBED3D} = {BD41EF6E-2223-4E04-A708-FAC1B9FBED3D}
	EndProjectSection
EndProject
Project("{8BC9CEB8-8B4A-11D0-8D11-00A0C91BC942}") = "Editor", "Editor\Editor\Editor.vcxproj", "{7E29E534-4BFB-41DD-A2A3-160963CCFC3D}"
EndProject
Global
	GlobalSection(SolutionConfigurationPlatforms) = preSolution
		checked|x64 = checked|x64
		checked|x86 = checked|x86
		Debug|x64 = Debug|x64
		Debug|x86 = Debug|x86
		profile|x64 = profile|x64
		profile|x86 = profile|x86
		Release With hotreload|x64 = Release With hotreload|x64
		Release With hotreload|x86 = Release With hotreload|x86
		Release|x64 = Release|x64
		Release|x86 = Release|x86
	EndGlobalSection
	GlobalSection(ProjectConfigurationPlatforms) = postSolution
		{EB78804E-5BF9-45D7-8E83-F03765BED7AB}.checked|x64.ActiveCfg = Release|x64
		{EB78804E-5BF9-45D7-8E83-F03765BED7AB}.checked|x64.Build.0 = Release|x64
		{EB78804E-5BF9-45D7-8E83-F03765BED7AB}.checked|x86.ActiveCfg = Release|Win32
		{EB78804E-5BF9-45D7-8E83-F03765BED7AB}.checked|x86.Build.0 = Release|Win32
		{EB78804E-5BF9-45D7-8E83-F03765BED7AB}.Debug|x64.ActiveCfg = Debug|x64
		{EB78804E-5BF9-45D7-8E83-F03765BED7AB}.Debug|x64.Build.0 = Debug|x64
		{EB78804E-5BF9-45D7-8E83-F03765BED7AB}.Debug|x86.ActiveCfg = Debug|Win32
		{EB78804E-5BF9-45D7-8E83-F03765BED7AB}.Debug|x86.Build.0 = Debug|Win32
		{EB78804E-5BF9-45D7-8E83-F03765BED7AB}.profile|x64.ActiveCfg = Release|x64
		{EB78804E-5BF9-45D7-8E83-F03765BED7AB}.profile|x64.Build.0 = Release|x64
		{EB78804E-5BF9-45D7-8E83-F03765BED7AB}.profile|x86.ActiveCfg = Release|Win32
		{EB78804E-5BF9-45D7-8E83-F03765BED7AB}.profile|x86.Build.0 = Release|Win32
		{EB78804E-5BF9-45D7-8E83-F03765BED7AB}.Release With hotreload|x64.ActiveCfg = Release With hotreload|x64
		{EB78804E-5BF9-45D7-8E83-F03765BED7AB}.Release With hotreload|x64.Build.0 = Release With hotreload|x64
		{EB78804E-5BF9-45D7-8E83-F03765BED7AB}.Release With hotreload|x86.ActiveCfg = Release With hotreload|Win32
		{EB78804E-5BF9-45D7-8E83-F03765BED7AB}.Release With hotreload|x86.Build.0 = Release With hotreload|Win32
		{EB78804E-5BF9-45D7-8E83-F03765BED7AB}.Release|x64.ActiveCfg = Release|x64
		{EB78804E-5BF9-45D7-8E83-F03765BED7AB}.Release|x64.Build.0 = Release|x64
		{EB78804E-5BF9-45D7-8E83-F03765BED7AB}.Release|x86.ActiveCfg = Release|Win32
		{EB78804E-5BF9-45D7-8E83-F03765BED7AB}.Release|x86.Build.0 = Release|Win32
		{6C8D37B4-41CF-42A1-A344-5F62FD042CAF}.checked|x64.ActiveCfg = Release|x64
		{6C8D37B4-41CF-42A1-A344-5F62FD042CAF}.checked|x64.Build.0 = Release|x64
		{6C8D37B4-41CF-42A1-A344-5F62FD042CAF}.checked|x86.ActiveCfg = Release|Win32
		{6C8D37B4-41CF-42A1-A344-5F62FD042CAF}.checked|x86.Build.0 = Release|Win32
		{6C8D37B4-41CF-42A1-A344-5F62FD042CAF}.Debug|x64.ActiveCfg = Debug|x64
		{6C8D37B4-41CF-42A1-A344-5F62FD042CAF}.Debug|x64.Build.0 = Debug|x64
		{6C8D37B4-41CF-42A1-A344-5F62FD042CAF}.Debug|x86.ActiveCfg = Debug|Win32
		{6C8D37B4-41CF-42A1-A344-5F62FD042CAF}.Debug|x86.Build.0 = Debug|Win32
		{6C8D37B4-41CF-42A1-A344-5F62FD042CAF}.profile|x64.ActiveCfg = Release|x64
		{6C8D37B4-41CF-42A1-A344-5F62FD042CAF}.profile|x64.Build.0 = Release|x64
		{6C8D37B4-41CF-42A1-A344-5F62FD042CAF}.profile|x86.ActiveCfg = Release|Win32
		{6C8D37B4-41CF-42A1-A344-5F62FD042CAF}.profile|x86.Build.0 = Release|Win32
		{6C8D37B4-41CF-42A1-A344-5F62FD042CAF}.Release With hotreload|x64.ActiveCfg = Release With hotreload|x64
		{6C8D37B4-41CF-42A1-A344-5F62FD042CAF}.Release With hotreload|x64.Build.0 = Release With hotreload|x64
		{6C8D37B4-41CF-42A1-A344-5F62FD042CAF}.Release With hotreload|x86.ActiveCfg = Release With hotreload|Win32
		{6C8D37B4-41CF-42A1-A344-5F62FD042CAF}.Release With hotreload|x86.Build.0 = Release With hotreload|Win32
		{6C8D37B4-41CF-42A1-A344-5F62FD042CAF}.Release|x64.ActiveCfg = Release|x64
		{6C8D37B4-41CF-42A1-A344-5F62FD042CAF}.Release|x64.Build.0 = Release|x64
		{6C8D37B4-41CF-42A1-A344-5F62FD042CAF}.Release|x86.ActiveCfg = Release|Win32
		{6C8D37B4-41CF-42A1-A344-5F62FD042CAF}.Release|x86.Build.0 = Release|Win32
		{AA66E648-1C0F-41D6-B339-9058E5A85B4E}.checked|x64.ActiveCfg = Release|x64
		{AA66E648-1C0F-41D6-B339-9058E5A85B4E}.checked|x64.Build.0 = Release|x64
		{AA66E648-1C0F-41D6-B339-9058E5A85B4E}.checked|x86.ActiveCfg = Release|Win32
		{AA66E648-1C0F-41D6-B339-9058E5A85B4E}.checked|x86.Build.0 = Release|Win32
		{AA66E648-1C0F-41D6-B339-9058E5A85B4E}.Debug|x64.ActiveCfg = Debug|x64
		{AA66E648-1C0F-41D6-B339-9058E5A85B4E}.Debug|x64.Build.0 = Debug|x64
		{AA66E648-1C0F-41D6-B339-9058E5A85B4E}.Debug|x86.ActiveCfg = Debug|Win32
		{AA66E648-1C0F-41D6-B339-9058E5A85B4E}.Debug|x86.Build.0 = Debug|Win32
		{AA66E648-1C0F-41D6-B339-9058E5A85B4E}.profile|x64.ActiveCfg = Release|x64
		{AA66E648-1C0F-41D6-B339-9058E5A85B4E}.profile|x64.Build.0 = Release|x64
		{AA66E648-1C0F-41D6-B339-9058E5A85B4E}.profile|x86.ActiveCfg = Release|Win32
		{AA66E648-1C0F-41D6-B339-9058E5A85B4E}.profile|x86.Build.0 = Release|Win32
		{AA66E648-1C0F-41D6-B339-9058E5A85B4E}.Release With hotreload|x64.ActiveCfg = Release With hotreload|x64
		{AA66E648-1C0F-41D6-B339-9058E5A85B4E}.Release With hotreload|x64.Build.0 = Release With hotreload|x64
		{AA66E648-1C0F-41D6-B339-9058E5A85B4E}.Release With hotreload|x86.ActiveCfg = Release With hotreload|Win32
		{AA66E648-1C0F-41D6-B339-9058E5A85B4E}.Release With hotreload|x86.Build.0 = Release With hotreload|Win32
		{AA66E648-1C0F-41D6-B339-9058E5A85B4E}.Release|x64.ActiveCfg = Release|x64
		{AA66E648-1C0F-41D6-B339-9058E5A85B4E}.Release|x64.Build.0 = Release|x64
		{AA66E648-1C0F-41D6-B339-9058E5A85B4E}.Release|x86.ActiveCfg = Release|Win32
		{AA66E648-1C0F-41D6-B339-9058E5A85B4E}.Release|x86.Build.0 = Release|Win32
		{B7232C9E-466F-46A5-A0A4-EA832733A352}.checked|x64.ActiveCfg = Release|x64
		{B7232C9E-466F-46A5-A0A4-EA832733A352}.checked|x64.Build.0 = Release|x64
		{B7232C9E-466F-46A5-A0A4-EA832733A352}.checked|x86.ActiveCfg = Release|Win32
		{B7232C9E-466F-46A5-A0A4-EA832733A352}.checked|x86.Build.0 = Release|Win32
		{B7232C9E-466F-46A5-A0A4-EA832733A352}.Debug|x64.ActiveCfg = Debug|x64
		{B7232C9E-466F-46A5-A0A4-EA832733A352}.Debug|x64.Build.0 = Debug|x64
		{B7232C9E-466F-46A5-A0A4-EA832733A352}.Debug|x86.ActiveCfg = Debug|Win32
		{B7232C9E-466F-46A5-A0A4-EA832733A352}.Debug|x86.Build.0 = Debug|Win32
		{B7232C9E-466F-46A5-A0A4-EA832733A352}.profile|x64.ActiveCfg = Release|x64
		{B7232C9E-466F-46A5-A0A4-EA832733A352}.profile|x64.Build.0 = Release|x64
		{B7232C9E-466F-46A5-A0A4-EA832733A352}.profile|x86.ActiveCfg = Release|Win32
		{B7232C9E-466F-46A5-A0A4-EA832733A352}.profile|x86.Build.0 = Release|Win32
		{B7232C9E-466F-46A5-A0A4-EA832733A352}.Release With hotreload|x64.ActiveCfg = Release With hotreload|x64
		{B7232C9E-466F-46A5-A0A4-EA832733A352}.Release With hotreload|x64.Build.0 = Release With hotreload|x64
		{B7232C9E-466F-46A5-A0A4-EA832733A352}.Release With hotreload|x86.ActiveCfg = Release With hotreload|Win32
		{B7232C9E-466F-46A5-A0A4-EA832733A352}.Release With hotreload|x86.Build.0 = Release With hotreload|Win32
		{B7232C9E-466F-46A5-A0A4-EA832733A352}.Release|x64.ActiveCfg = Release|x64
		{B7232C9E-466F-46A5-A0A4-EA832733A352}.Release|x64.Build.0 = Release|x64
		{B7232C9E-466F-46A5-A0A4-EA832733A352}.Release|x86.ActiveCfg = Release|Win32
		{B7232C9E-466F-46A5-A0A4-EA832733A352}.Release|x86.Build.0 = Release|Win32
		{22A9F47B-5CE9-470B-AE62-562504394512}.checked|x64.ActiveCfg = Release|x64
		{22A9F47B-5CE9-470B-AE62-562504394512}.checked|x64.Build.0 = Release|x64
		{22A9F47B-5CE9-470B-AE62-562504394512}.checked|x86.ActiveCfg = Release|Win32
		{22A9F47B-5CE9-470B-AE62-562504394512}.checked|x86.Build.0 = Release|Win32
		{22A9F47B-5CE9-470B-AE62-562504394512}.Debug|x64.ActiveCfg = Debug|x64
		{22A9F47B-5CE9-470B-AE62-562504394512}.Debug|x64.Build.0 = Debug|x64
		{22A9F47B-5CE9-470B-AE62-562504394512}.Debug|x86.ActiveCfg = Debug|Win32
		{22A9F47B-5CE9-470B-AE62-562504394512}.Debug|x86.Build.0 = Debug|Win32
		{22A9F47B-5CE9-470B-AE62-562504394512}.profile|x64.ActiveCfg = Release|x64
		{22A9F47B-5CE9-470B-AE62-562504394512}.profile|x64.Build.0 = Release|x64
		{22A9F47B-5CE9-470B-AE62-562504394512}.profile|x86.ActiveCfg = Release|Win32
		{22A9F47B-5CE9-470B-AE62-562504394512}.profile|x86.Build.0 = Release|Win32
		{22A9F47B-5CE9-470B-AE62-562504394512}.Release With hotreload|x64.ActiveCfg = Release With hotreload|x64
		{22A9F47B-5CE9-470B-AE62-562504394512}.Release With hotreload|x64.Build.0 = Release With hotreload|x64
		{22A9F47B-5CE9-470B-AE62-562504394512}.Release With hotreload|x86.ActiveCfg = Release With hotreload|Win32
		{22A9F47B-5CE9-470B-AE62-562504394512}.Release With hotreload|x86.Build.0 = Release With hotreload|Win32
		{22A9F47B-5CE9-470B-AE62-562504394512}.Release|x64.ActiveCfg = Release|x64
		{22A9F47B-5CE9-470B-AE62-562504394512}.Release|x64.Build.0 = Release|x64
		{22A9F47B-5CE9-470B-AE62-562504394512}.Release|x86.ActiveCfg = Release|Win32
		{22A9F47B-5CE9-470B-AE62-562504394512}.Release|x86.Build.0 = Release|Win32
		{79BD4629-E0FC-4D67-9977-8D581ACD8861}.checked|x64.ActiveCfg = Release|x64
		{79BD4629-E0FC-4D67-9977-8D581ACD8861}.checked|x64.Build.0 = Release|x64
		{79BD4629-E0FC-4D67-9977-8D581ACD8861}.checked|x86.ActiveCfg = Release|Win32
		{79BD4629-E0FC-4D67-9977-8D581ACD8861}.checked|x86.Build.0 = Release|Win32
		{79BD4629-E0FC-4D67-9977-8D581ACD8861}.Debug|x64.ActiveCfg = Debug|x64
		{79BD4629-E0FC-4D67-9977-8D581ACD8861}.Debug|x64.Build.0 = Debug|x64
		{79BD4629-E0FC-4D67-9977-8D581ACD8861}.Debug|x86.ActiveCfg = Debug|Win32
		{79BD4629-E0FC-4D67-9977-8D581ACD8861}.Debug|x86.Build.0 = Debug|Win32
		{79BD4629-E0FC-4D67-9977-8D581ACD8861}.profile|x64.ActiveCfg = Release|x64
		{79BD4629-E0FC-4D67-9977-8D581ACD8861}.profile|x64.Build.0 = Release|x64
		{79BD4629-E0FC-4D67-9977-8D581ACD8861}.profile|x86.ActiveCfg = Release|Win32
		{79BD4629-E0FC-4D67-9977-8D581ACD8861}.profile|x86.Build.0 = Release|Win32
		{79BD4629-E0FC-4D67-9977-8D581ACD8861}.Release With hotreload|x64.ActiveCfg = Release With hotreload|x64
		{79BD4629-E0FC-4D67-9977-8D581ACD8861}.Release With hotreload|x64.Build.0 = Release With hotreload|x64
		{79BD4629-E0FC-4D67-9977-8D581ACD8861}.Release With hotreload|x86.ActiveCfg = Release With hotreload|Win32
		{79BD4629-E0FC-4D67-9977-8D581ACD8861}.Release With hotreload|x86.Build.0 = Release With hotreload|Win32
		{79BD4629-E0FC-4D67-9977-8D581ACD8861}.Release|x64.ActiveCfg = Release|x64
		{79BD4629-E0FC-4D67-9977-8D581ACD8861}.Release|x64.Build.0 = Release|x64
		{79BD4629-E0FC-4D67-9977-8D581ACD8861}.Release|x86.ActiveCfg = Release|Win32
		{79BD4629-E0FC-4D67-9977-8D581ACD8861}.Release|x86.Build.0 = Release|Win32
		{68206C2F-A849-4E47-A524-B0D457D7A09F}.checked|x64.ActiveCfg = Release|x64
		{68206C2F-A849-4E47-A524-B0D457D7A09F}.checked|x64.Build.0 = Release|x64
		{68206C2F-A849-4E47-A524-B0D457D7A09F}.checked|x86.ActiveCfg = Release|Win32
		{68206C2F-A849-4E47-A524-B0D457D7A09F}.checked|x86.Build.0 = Release|Win32
		{68206C2F-A849-4E47-A524-B0D457D7A09F}.Debug|x64.ActiveCfg = Debug|x64
		{68206C2F-A849-4E47-A524-B0D457D7A09F}.Debug|x64.Build.0 = Debug|x64
		{68206C2F-A849-4E47-A524-B0D457D7A09F}.Debug|x86.ActiveCfg = Debug|Win32
		{68206C2F-A849-4E47-A524-B0D457D7A09F}.Debug|x86.Build.0 = Debug|Win32
		{68206C2F-A849-4E47-A524-B0D457D7A09F}.profile|x64.ActiveCfg = Release|x64
		{68206C2F-A849-4E47-A524-B0D457D7A09F}.profile|x64.Build.0 = Release|x64
		{68206C2F-A849-4E47-A524-B0D457D7A09F}.profile|x86.ActiveCfg = Release|Win32
		{68206C2F-A849-4E47-A524-B0D457D7A09F}.profile|x86.Build.0 = Release|Win32
		{68206C2F-A849-4E47-A524-B0D457D7A09F}.Release With hotreload|x64.ActiveCfg = Release With hotreload|x64
		{68206C2F-A849-4E47-A524-B0D457D7A09F}.Release With hotreload|x64.Build.0 = Release With hotreload|x64
		{68206C2F-A849-4E47-A524-B0D457D7A09F}.Release With hotreload|x86.ActiveCfg = Release With hotreload|Win32
		{68206C2F-A849-4E47-A524-B0D457D7A09F}.Release With hotreload|x86.Build.0 = Release With hotreload|Win32
		{68206C2F-A849-4E47-A524-B0D457D7A09F}.Release|x64.ActiveCfg = Release|x64
		{68206C2F-A849-4E47-A524-B0D457D7A09F}.Release|x64.Build.0 = Release|x64
		{68206C2F-A849-4E47-A524-B0D457D7A09F}.Release|x86.ActiveCfg = Release|Win32
		{68206C2F-A849-4E47-A524-B0D457D7A09F}.Release|x86.Build.0 = Release|Win32
		{CAB443DD-87C5-4989-A385-F45201559698}.checked|x64.ActiveCfg = Release|x64
		{CAB443DD-87C5-4989-A385-F45201559698}.checked|x64.Build.0 = Release|x64
		{CAB443DD-87C5-4989-A385-F45201559698}.checked|x86.ActiveCfg = Release|Win32
		{CAB443DD-87C5-4989-A385-F45201559698}.checked|x86.Build.0 = Release|Win32
		{CAB443DD-87C5-4989-A385-F45201559698}.Debug|x64.ActiveCfg = Debug|x64
		{CAB443DD-87C5-4989-A385-F45201559698}.Debug|x64.Build.0 = Debug|x64
		{CAB443DD-87C5-4989-A385-F45201559698}.Debug|x86.ActiveCfg = Debug|Win32
		{CAB443DD-87C5-4989-A385-F45201559698}.Debug|x86.Build.0 = Debug|Win32
		{CAB443DD-87C5-4989-A385-F45201559698}.profile|x64.ActiveCfg = Release|x64
		{CAB443DD-87C5-4989-A385-F45201559698}.profile|x64.Build.0 = Release|x64
		{CAB443DD-87C5-4989-A385-F45201559698}.profile|x86.ActiveCfg = Release|Win32
		{CAB443DD-87C5-4989-A385-F45201559698}.profile|x86.Build.0 = Release|Win32
		{CAB443DD-87C5-4989-A385-F45201559698}.Release With hotreload|x64.ActiveCfg = Release With hotreload|x64
		{CAB443DD-87C5-4989-A385-F45201559698}.Release With hotreload|x64.Build.0 = Release With hotreload|x64
		{CAB443DD-87C5-4989-A385-F45201559698}.Release With hotreload|x86.ActiveCfg = Release With hotreload|Win32
		{CAB443DD-87C5-4989-A385-F45201559698}.Release With hotreload|x86.Build.0 = Release With hotreload|Win32
		{CAB443DD-87C5-4989-A385-F45201559698}.Release|x64.ActiveCfg = Release|x64
		{CAB443DD-87C5-4989-A385-F45201559698}.Release|x64.Build.0 = Release|x64
		{CAB443DD-87C5-4989-A385-F45201559698}.Release|x86.ActiveCfg = Release|Win32
		{CAB443DD-87C5-4989-A385-F45201559698}.Release|x86.Build.0 = Release|Win32
		{A2B85F25-5933-41EF-A8FD-B3D9AF534090}.checked|x64.ActiveCfg = Debug|x64
		{A2B85F25-5933-41EF-A8FD-B3D9AF534090}.checked|x64.Build.0 = Debug|x64
		{A2B85F25-5933-41EF-A8FD-B3D9AF534090}.checked|x86.ActiveCfg = Debug|Win32
		{A2B85F25-5933-41EF-A8FD-B3D9AF534090}.checked|x86.Build.0 = Debug|Win32
		{A2B85F25-5933-41EF-A8FD-B3D9AF534090}.Debug|x64.ActiveCfg = Debug|x64
		{A2B85F25-5933-41EF-A8FD-B3D9AF534090}.Debug|x64.Build.0 = Debug|x64
		{A2B85F25-5933-41EF-A8FD-B3D9AF534090}.Debug|x86.ActiveCfg = Debug|Win32
		{A2B85F25-5933-41EF-A8FD-B3D9AF534090}.Debug|x86.Build.0 = Debug|Win32
		{A2B85F25-5933-41EF-A8FD-B3D9AF534090}.profile|x64.ActiveCfg = Debug|x64
		{A2B85F25-5933-41EF-A8FD-B3D9AF534090}.profile|x64.Build.0 = Debug|x64
		{A2B85F25-5933-41EF-A8FD-B3D9AF534090}.profile|x86.ActiveCfg = Debug|Win32
		{A2B85F25-5933-41EF-A8FD-B3D9AF534090}.profile|x86.Build.0 = Debug|Win32
		{A2B85F25-5933-41EF-A8FD-B3D9AF534090}.Release With hotreload|x64.ActiveCfg = Release With hotreload|x64
		{A2B85F25-5933-41EF-A8FD-B3D9AF534090}.Release With hotreload|x64.Build.0 = Release With hotreload|x64
		{A2B85F25-5933-41EF-A8FD-B3D9AF534090}.Release With hotreload|x86.ActiveCfg = Release With hotreload|Win32
		{A2B85F25-5933-41EF-A8FD-B3D9AF534090}.Release With hotreload|x86.Build.0 = Release With hotreload|Win32
		{A2B85F25-5933-41EF-A8FD-B3D9AF534090}.Release|x64.ActiveCfg = Release|x64
		{A2B85F25-5933-41EF-A8FD-B3D9AF534090}.Release|x64.Build.0 = Release|x64
		{A2B85F25-5933-41EF-A8FD-B3D9AF534090}.Release|x86.ActiveCfg = Release|Win32
		{A2B85F25-5933-41EF-A8FD-B3D9AF534090}.Release|x86.Build.0 = Release|Win32
		{371B9FA9-4C90-4AC6-A123-ACED756D6C77}.checked|x64.ActiveCfg = Profile|x64
		{371B9FA9-4C90-4AC6-A123-ACED756D6C77}.checked|x64.Build.0 = Profile|x64
		{371B9FA9-4C90-4AC6-A123-ACED756D6C77}.checked|x86.ActiveCfg = Debug|Win32
		{371B9FA9-4C90-4AC6-A123-ACED756D6C77}.checked|x86.Build.0 = Debug|Win32
		{371B9FA9-4C90-4AC6-A123-ACED756D6C77}.Debug|x64.ActiveCfg = Debug|x64
		{371B9FA9-4C90-4AC6-A123-ACED756D6C77}.Debug|x64.Build.0 = Debug|x64
		{371B9FA9-4C90-4AC6-A123-ACED756D6C77}.Debug|x86.ActiveCfg = Debug|Win32
		{371B9FA9-4C90-4AC6-A123-ACED756D6C77}.Debug|x86.Build.0 = Debug|Win32
		{371B9FA9-4C90-4AC6-A123-ACED756D6C77}.profile|x64.ActiveCfg = Profile|x64
		{371B9FA9-4C90-4AC6-A123-ACED756D6C77}.profile|x64.Build.0 = Profile|x64
		{371B9FA9-4C90-4AC6-A123-ACED756D6C77}.profile|x86.ActiveCfg = Profile|Win32
		{371B9FA9-4C90-4AC6-A123-ACED756D6C77}.profile|x86.Build.0 = Profile|Win32
		{371B9FA9-4C90-4AC6-A123-ACED756D6C77}.Release With hotreload|x64.ActiveCfg = Release With hotreload|x64
		{371B9FA9-4C90-4AC6-A123-ACED756D6C77}.Release With hotreload|x64.Build.0 = Release With hotreload|x64
		{371B9FA9-4C90-4AC6-A123-ACED756D6C77}.Release With hotreload|x86.ActiveCfg = Release With hotreload|Win32
		{371B9FA9-4C90-4AC6-A123-ACED756D6C77}.Release With hotreload|x86.Build.0 = Release With hotreload|Win32
		{371B9FA9-4C90-4AC6-A123-ACED756D6C77}.Release|x64.ActiveCfg = Release|x64
		{371B9FA9-4C90-4AC6-A123-ACED756D6C77}.Release|x64.Build.0 = Release|x64
		{371B9FA9-4C90-4AC6-A123-ACED756D6C77}.Release|x86.ActiveCfg = Release|Win32
		{371B9FA9-4C90-4AC6-A123-ACED756D6C77}.Release|x86.Build.0 = Release|Win32
		{3996B64C-9A2B-41F5-9D0E-1A1525DAE621}.checked|x64.ActiveCfg = Debug|x64
		{3996B64C-9A2B-41F5-9D0E-1A1525DAE621}.checked|x64.Build.0 = Debug|x64
		{3996B64C-9A2B-41F5-9D0E-1A1525DAE621}.checked|x86.ActiveCfg = Debug|Win32
		{3996B64C-9A2B-41F5-9D0E-1A1525DAE621}.checked|x86.Build.0 = Debug|Win32
		{3996B64C-9A2B-41F5-9D0E-1A1525DAE621}.Debug|x64.ActiveCfg = Debug|x64
		{3996B64C-9A2B-41F5-9D0E-1A1525DAE621}.Debug|x64.Build.0 = Debug|x64
		{3996B64C-9A2B-41F5-9D0E-1A1525DAE621}.Debug|x86.ActiveCfg = Debug|Win32
		{3996B64C-9A2B-41F5-9D0E-1A1525DAE621}.Debug|x86.Build.0 = Debug|Win32
		{3996B64C-9A2B-41F5-9D0E-1A1525DAE621}.profile|x64.ActiveCfg = Debug|x64
		{3996B64C-9A2B-41F5-9D0E-1A1525DAE621}.profile|x64.Build.0 = Debug|x64
		{3996B64C-9A2B-41F5-9D0E-1A1525DAE621}.profile|x86.ActiveCfg = Debug|Win32
		{3996B64C-9A2B-41F5-9D0E-1A1525DAE621}.profile|x86.Build.0 = Debug|Win32
		{3996B64C-9A2B-41F5-9D0E-1A1525DAE621}.Release With hotreload|x64.ActiveCfg = Release|x64
		{3996B64C-9A2B-41F5-9D0E-1A1525DAE621}.Release With hotreload|x64.Build.0 = Release|x64
		{3996B64C-9A2B-41F5-9D0E-1A1525DAE621}.Release With hotreload|x86.ActiveCfg = Release|Win32
		{3996B64C-9A2B-41F5-9D0E-1A1525DAE621}.Release With hotreload|x86.Build.0 = Release|Win32
		{3996B64C-9A2B-41F5-9D0E-1A1525DAE621}.Release|x64.ActiveCfg = Release|x64
		{3996B64C-9A2B-41F5-9D0E-1A1525DAE621}.Release|x64.Build.0 = Release|x64
		{3996B64C-9A2B-41F5-9D0E-1A1525DAE621}.Release|x86.ActiveCfg = Release|Win32
		{3996B64C-9A2B-41F5-9D0E-1A1525DAE621}.Release|x86.Build.0 = Release|Win32
		{1B06105B-C006-49EC-8500-983773169CB7}.checked|x64.ActiveCfg = Debug|x64
		{1B06105B-C006-49EC-8500-983773169CB7}.checked|x64.Build.0 = Debug|x64
		{1B06105B-C006-49EC-8500-983773169CB7}.checked|x86.ActiveCfg = Debug|Win32
		{1B06105B-C006-49EC-8500-983773169CB7}.checked|x86.Build.0 = Debug|Win32
		{1B06105B-C006-49EC-8500-983773169CB7}.Debug|x64.ActiveCfg = Debug|x64
		{1B06105B-C006-49EC-8500-983773169CB7}.Debug|x64.Build.0 = Debug|x64
		{1B06105B-C006-49EC-8500-983773169CB7}.Debug|x86.ActiveCfg = Debug|Win32
		{1B06105B-C006-49EC-8500-983773169CB7}.Debug|x86.Build.0 = Debug|Win32
		{1B06105B-C006-49EC-8500-983773169CB7}.profile|x64.ActiveCfg = Debug|x64
		{1B06105B-C006-49EC-8500-983773169CB7}.profile|x64.Build.0 = Debug|x64
		{1B06105B-C006-49EC-8500-983773169CB7}.profile|x86.ActiveCfg = Debug|Win32
		{1B06105B-C006-49EC-8500-983773169CB7}.profile|x86.Build.0 = Debug|Win32
		{1B06105B-C006-49EC-8500-983773169CB7}.Release With hotreload|x64.ActiveCfg = Release|x64
		{1B06105B-C006-49EC-8500-983773169CB7}.Release With hotreload|x64.Build.0 = Release|x64
		{1B06105B-C006-49EC-8500-983773169CB7}.Release With hotreload|x86.ActiveCfg = Release|Win32
		{1B06105B-C006-49EC-8500-983773169CB7}.Release With hotreload|x86.Build.0 = Release|Win32
		{1B06105B-C006-49EC-8500-983773169CB7}.Release|x64.ActiveCfg = Release|x64
		{1B06105B-C006-49EC-8500-983773169CB7}.Release|x64.Build.0 = Release|x64
		{1B06105B-C006-49EC-8500-983773169CB7}.Release|x86.ActiveCfg = Release|Win32
		{1B06105B-C006-49EC-8500-983773169CB7}.Release|x86.Build.0 = Release|Win32
		{BD41EF6E-2223-4E04-A708-FAC1B9FBED3D}.checked|x64.ActiveCfg = Debug|x64
		{BD41EF6E-2223-4E04-A708-FAC1B9FBED3D}.checked|x64.Build.0 = Debug|x64
		{BD41EF6E-2223-4E04-A708-FAC1B9FBED3D}.checked|x86.ActiveCfg = Debug|Win32
		{BD41EF6E-2223-4E04-A708-FAC1B9FBED3D}.checked|x86.Build.0 = Debug|Win32
		{BD41EF6E-2223-4E04-A708-FAC1B9FBED3D}.Debug|x64.ActiveCfg = Debug|x64
		{BD41EF6E-2223-4E04-A708-FAC1B9FBED3D}.Debug|x64.Build.0 = Debug|x64
		{BD41EF6E-2223-4E04-A708-FAC1B9FBED3D}.Debug|x86.ActiveCfg = Debug|Win32
		{BD41EF6E-2223-4E04-A708-FAC1B9FBED3D}.Debug|x86.Build.0 = Debug|Win32
		{BD41EF6E-2223-4E04-A708-FAC1B9FBED3D}.profile|x64.ActiveCfg = Debug|x64
		{BD41EF6E-2223-4E04-A708-FAC1B9FBED3D}.profile|x64.Build.0 = Debug|x64
		{BD41EF6E-2223-4E04-A708-FAC1B9FBED3D}.profile|x86.ActiveCfg = Debug|Win32
		{BD41EF6E-2223-4E04-A708-FAC1B9FBED3D}.profile|x86.Build.0 = Debug|Win32
		{BD41EF6E-2223-4E04-A708-FAC1B9FBED3D}.Release With hotreload|x64.ActiveCfg = Release|x64
		{BD41EF6E-2223-4E04-A708-FAC1B9FBED3D}.Release With hotreload|x64.Build.0 = Release|x64
		{BD41EF6E-2223-4E04-A708-FAC1B9FBED3D}.Release With hotreload|x86.ActiveCfg = Release|Win32
		{BD41EF6E-2223-4E04-A708-FAC1B9FBED3D}.Release With hotreload|x86.Build.0 = Release|Win32
		{BD41EF6E-2223-4E04-A708-FAC1B9FBED3D}.Release|x64.ActiveCfg = Release|x64
		{BD41EF6E-2223-4E04-A708-FAC1B9FBED3D}.Release|x64.Build.0 = Release|x64
		{BD41EF6E-2223-4E04-A708-FAC1B9FBED3D}.Release|x86.ActiveCfg = Release|Win32
		{BD41EF6E-2223-4E04-A708-FAC1B9FBED3D}.Release|x86.Build.0 = Release|Win32
		{8A044BA8-80FC-4205-B7F3-82069F0B29BE}.checked|x64.ActiveCfg = Debug|x64
		{8A044BA8-80FC-4205-B7F3-82069F0B29BE}.checked|x64.Build.0 = Debug|x64
		{8A044BA8-80FC-4205-B7F3-82069F0B29BE}.checked|x86.ActiveCfg = Debug|Win32
		{8A044BA8-80FC-4205-B7F3-82069F0B29BE}.checked|x86.Build.0 = Debug|Win32
		{8A044BA8-80FC-4205-B7F3-82069F0B29BE}.Debug|x64.ActiveCfg = Debug|x64
		{8A044BA8-80FC-4205-B7F3-82069F0B29BE}.Debug|x64.Build.0 = Debug|x64
		{8A044BA8-80FC-4205-B7F3-82069F0B29BE}.Debug|x86.ActiveCfg = Debug|Win32
		{8A044BA8-80FC-4205-B7F3-82069F0B29BE}.Debug|x86.Build.0 = Debug|Win32
		{8A044BA8-80FC-4205-B7F3-82069F0B29BE}.profile|x64.ActiveCfg = Debug|x64
		{8A044BA8-80FC-4205-B7F3-82069F0B29BE}.profile|x64.Build.0 = Debug|x64
		{8A044BA8-80FC-4205-B7F3-82069F0B29BE}.profile|x86.ActiveCfg = Debug|Win32
		{8A044BA8-80FC-4205-B7F3-82069F0B29BE}.profile|x86.Build.0 = Debug|Win32
		{8A044BA8-80FC-4205-B7F3-82069F0B29BE}.Release With hotreload|x64.ActiveCfg = Release|x64
		{8A044BA8-80FC-4205-B7F3-82069F0B29BE}.Release With hotreload|x64.Build.0 = Release|x64
		{8A044BA8-80FC-4205-B7F3-82069F0B29BE}.Release With hotreload|x86.ActiveCfg = Release|Win32
		{8A044BA8-80FC-4205-B7F3-82069F0B29BE}.Release With hotreload|x86.Build.0 = Release|Win32
		{8A044BA8-80FC-4205-B7F3-82069F0B29BE}.Release|x64.ActiveCfg = Release|x64
		{8A044BA8-80FC-4205-B7F3-82069F0B29BE}.Release|x64.Build.0 = Release|x64
		{8A044BA8-80FC-4205-B7F3-82069F0B29BE}.Release|x86.ActiveCfg = Release|Win32
		{8A044BA8-80FC-4205-B7F3-82069F0B29BE}.Release|x86.Build.0 = Release|Win32
		{D8A5E1A5-EC8E-4100-A193-7D21D53D2513}.checked|x64.ActiveCfg = Debug|x64
		{D8A5E1A5-EC8E-4100-A193-7D21D53D2513}.checked|x64.Build.0 = Debug|x64
		{D8A5E1A5-EC8E-4100-A193-7D21D53D2513}.checked|x86.ActiveCfg = Debug|Win32
		{D8A5E1A5-EC8E-4100-A193-7D21D53D2513}.checked|x86.Build.0 = Debug|Win32
		{D8A5E1A5-EC8E-4100-A193-7D21D53D2513}.Debug|x64.ActiveCfg = Debug|x64
		{D8A5E1A5-EC8E-4100-A193-7D21D53D2513}.Debug|x64.Build.0 = Debug|x64
		{D8A5E1A5-EC8E-4100-A193-7D21D53D2513}.Debug|x86.ActiveCfg = Debug|Win32
		{D8A5E1A5-EC8E-4100-A193-7D21D53D2513}.Debug|x86.Build.0 = Debug|Win32
		{D8A5E1A5-EC8E-4100-A193-7D21D53D2513}.profile|x64.ActiveCfg = Debug|x64
		{D8A5E1A5-EC8E-4100-A193-7D21D53D2513}.profile|x64.Build.0 = Debug|x64
		{D8A5E1A5-EC8E-4100-A193-7D21D53D2513}.profile|x86.ActiveCfg = Debug|Win32
		{D8A5E1A5-EC8E-4100-A193-7D21D53D2513}.profile|x86.Build.0 = Debug|Win32
		{D8A5E1A5-EC8E-4100-A193-7D21D53D2513}.Release With hotreload|x64.ActiveCfg = Release|x64
		{D8A5E1A5-EC8E-4100-A193-7D21D53D2513}.Release With hotreload|x64.Build.0 = Release|x64
		{D8A5E1A5-EC8E-4100-A193-7D21D53D2513}.Release With hotreload|x86.ActiveCfg = Release|Win32
		{D8A5E1A5-EC8E-4100-A193-7D21D53D2513}.Release With hotreload|x86.Build.0 = Release|Win32
		{D8A5E1A5-EC8E-4100-A193-7D21D53D2513}.Release|x64.ActiveCfg = Release|x64
		{D8A5E1A5-EC8E-4100-A193-7D21D53D2513}.Release|x64.Build.0 = Release|x64
		{D8A5E1A5-EC8E-4100-A193-7D21D53D2513}.Release|x86.ActiveCfg = Release|Win32
		{D8A5E1A5-EC8E-4100-A193-7D21D53D2513}.Release|x86.Build.0 = Release|Win32
		{7E29E534-4BFB-41DD-A2A3-160963CCFC3D}.checked|x64.ActiveCfg = Debug|x64
		{7E29E534-4BFB-41DD-A2A3-160963CCFC3D}.checked|x64.Build.0 = Debug|x64
		{7E29E534-4BFB-41DD-A2A3-160963CCFC3D}.checked|x86.ActiveCfg = Debug|Win32
		{7E29E534-4BFB-41DD-A2A3-160963CCFC3D}.checked|x86.Build.0 = Debug|Win32
		{7E29E534-4BFB-41DD-A2A3-160963CCFC3D}.Debug|x64.ActiveCfg = Debug|x64
		{7E29E534-4BFB-41DD-A2A3-160963CCFC3D}.Debug|x64.Build.0 = Debug|x64
		{7E29E534-4BFB-41DD-A2A3-160963CCFC3D}.Debug|x86.ActiveCfg = Debug|Win32
		{7E29E534-4BFB-41DD-A2A3-160963CCFC3D}.Debug|x86.Build.0 = Debug|Win32
		{7E29E534-4BFB-41DD-A2A3-160963CCFC3D}.profile|x64.ActiveCfg = Debug|x64
		{7E29E534-4BFB-41DD-A2A3-160963CCFC3D}.profile|x64.Build.0 = Debug|x64
		{7E29E534-4BFB-41DD-A2A3-160963CCFC3D}.profile|x86.ActiveCfg = Debug|Win32
		{7E29E534-4BFB-41DD-A2A3-160963CCFC3D}.profile|x86.Build.0 = Debug|Win32
		{7E29E534-4BFB-41DD-A2A3-160963CCFC3D}.Release With hotreload|x64.ActiveCfg = Release With hotreload|x64
		{7E29E534-4BFB-41DD-A2A3-160963CCFC3D}.Release With hotreload|x64.Build.0 = Release With hotreload|x64
		{7E29E534-4BFB-41DD-A2A3-160963CCFC3D}.Release With hotreload|x86.ActiveCfg = Release With hotreload|Win32
		{7E29E534-4BFB-41DD-A2A3-160963CCFC3D}.Release With hotreload|x86.Build.0 = Release With hotreload|Win32
		{7E29E534-4BFB-41DD-A2A3-160963CCFC3D}.Release|x64.ActiveCfg = Release|x64
		{7E29E534-4BFB-41DD-A2A3-160963CCFC3D}.Release|x64.Build.0 = Release|x64
		{7E29E534-4BFB-41DD-A2A3-160963CCFC3D}.Release|x86.ActiveCfg = Release|Win32
		{7E29E534-4BFB-41DD-A2A3-160963CCFC3D}.Release|x86.Build.0 = Release|Win32
	EndGlobalSection
	GlobalSection(SolutionProperties) = preSolution
		HideSolutionNode = FALSE
	EndGlobalSection
	GlobalSection(NestedProjects) = preSolution
		{EB78804E-5BF9-45D7-8E83-F03765BED7AB} = {A07672F0-2D07-4A6B-891C-E3109E1E7FD5}
		{6C8D37B4-41CF-42A1-A344-5F62FD042CAF} = {F691C6F0-CCCA-4376-A4F9-FB06F002C99E}
		{AA66E648-1C0F-41D6-B339-9058E5A85B4E} = {A07672F0-2D07-4A6B-891C-E3109E1E7FD5}
		{B7232C9E-466F-46A5-A0A4-EA832733A352} = {F691C6F0-CCCA-4376-A4F9-FB06F002C99E}
		{22A9F47B-5CE9-470B-AE62-562504394512} = {A4DB8E53-DC91-406A-80C8-637BB750D60D}
		{79BD4629-E0FC-4D67-9977-8D581ACD8861} = {A07672F0-2D07-4A6B-891C-E3109E1E7FD5}
		{2B5F3E65-614C-4109-8B62-895AC1F17CD2} = {F691C6F0-CCCA-4376-A4F9-FB06F002C99E}
		{68206C2F-A849-4E47-A524-B0D457D7A09F} = {2B5F3E65-614C-4109-8B62-895AC1F17CD2}
		{CAB443DD-87C5-4989-A385-F45201559698} = {2B5F3E65-614C-4109-8B62-895AC1F17CD2}
		{A2B85F25-5933-41EF-A8FD-B3D9AF534090} = {45B176AB-3175-4F4D-88E5-EDC49D47D143}
		{371B9FA9-4C90-4AC6-A123-ACED756D6C77} = {45B176AB-3175-4F4D-88E5-EDC49D47D143}
		{3996B64C-9A2B-41F5-9D0E-1A1525DAE621} = {2B5F3E65-614C-4109-8B62-895AC1F17CD2}
		{1B06105B-C006-49EC-8500-983773169CB7} = {2B5F3E65-614C-4109-8B62-895AC1F17CD2}
		{BD41EF6E-2223-4E04-A708-FAC1B9FBED3D} = {AE6A5310-FCDC-4F7E-A8C9-8051176C4FF5}
		{8A044BA8-80FC-4205-B7F3-82069F0B29BE} = {AE6A5310-FCDC-4F7E-A8C9-8051176C4FF5}
		{D8A5E1A5-EC8E-4100-A193-7D21D53D2513} = {AE6A5310-FCDC-4F7E-A8C9-8051176C4FF5}
		{7E29E534-4BFB-41DD-A2A3-160963CCFC3D} = {C0E6B880-DDA1-4CA5-B4FB-90B24100A474}
	EndGlobalSection
	GlobalSection(ExtensibilityGlobals) = postSolution
		SolutionGuid = {6291F018-61C1-4285-ACFA-72300622B6CB}
	EndGlobalSection
EndGlobal
