
Microsoft Visual Studio Solution File, Format Version 12.00
# Visual Studio Version 17
VisualStudioVersion = 17.3.32811.315
MinimumVisualStudioVersion = 10.0.40219.1
Project("{2150E333-8FDC-42A3-9474-1A3956D46DE8}") = "MyDependencies", "MyDependencies", "{2D4972E0-2997-433C-94A8-FC0F50833957}"
EndProject
Project("{8BC9CEB8-8B4A-11D0-8D11-00A0C91BC942}") = "AssetManager", "Engine\AssetManager\AssetManager.vcxproj", "{EB78804E-5BF9-45D7-8E83-F03765BED7AB}"
EndProject
Project("{2150E333-8FDC-42A3-9474-1A3956D46DE8}") = "Tools", "Tools", "{F691C6F0-CCCA-4376-A4F9-FB06F002C99E}"
EndProject
Project("{2150E333-8FDC-42A3-9474-1A3956D46DE8}") = "Game", "Game", "{A4DB8E53-DC91-406A-80C8-637BB750D60D}"
EndProject
Project("{2150E333-8FDC-42A3-9474-1A3956D46DE8}") = "Engine", "Engine", "{A07672F0-2D07-4A6B-891C-E3109E1E7FD5}"
EndProject
Project("{8BC9CEB8-8B4A-11D0-8D11-00A0C91BC942}") = "Logging", "Tools\Logging\Logging.vcxproj", "{6C8D37B4-41CF-42A1-A344-5F62FD042CAF}"
EndProject
Project("{8BC9CEB8-8B4A-11D0-8D11-00A0C91BC942}") = "ImGui", "Tools\ImGui\ImGui.vcxproj", "{68206C2F-A849-4E47-A524-B0D457D7A09F}"
EndProject
Project("{8BC9CEB8-8B4A-11D0-8D11-00A0C91BC942}") = "Modelviewer", "Game\Modelviewer\Modelviewer.vcxproj", "{22A9F47B-5CE9-470B-AE62-562504394512}"
	ProjectSection(ProjectDependencies) = postProject
		{01CFCF37-88B3-4FAB-89AA-7EC1ED70DCE0} = {01CFCF37-88B3-4FAB-89AA-7EC1ED70DCE0}
		{68206C2F-A849-4E47-A524-B0D457D7A09F} = {68206C2F-A849-4E47-A524-B0D457D7A09F}
		{6C8D37B4-41CF-42A1-A344-5F62FD042CAF} = {6C8D37B4-41CF-42A1-A344-5F62FD042CAF}
		{AA66E648-1C0F-41D6-B339-9058E5A85B4E} = {AA66E648-1C0F-41D6-B339-9058E5A85B4E}
		{B7232C9E-466F-46A5-A0A4-EA832733A352} = {B7232C9E-466F-46A5-A0A4-EA832733A352}
		{EB78804E-5BF9-45D7-8E83-F03765BED7AB} = {EB78804E-5BF9-45D7-8E83-F03765BED7AB}
	EndProjectSection
EndProject
Project("{8BC9CEB8-8B4A-11D0-8D11-00A0C91BC942}") = "GraphicsEngine", "Engine\GraphicsEngine\GraphicsEngine.vcxproj", "{AA66E648-1C0F-41D6-B339-9058E5A85B4E}"
EndProject
Project("{8BC9CEB8-8B4A-11D0-8D11-00A0C91BC942}") = "TGAFbx", "Tools\FBX\TGAFbx.vcxproj", "{01CFCF37-88B3-4FAB-89AA-7EC1ED70DCE0}"
EndProject
Project("{8BC9CEB8-8B4A-11D0-8D11-00A0C91BC942}") = "Utilities", "Tools\Utilities\Utilities.vcxproj", "{B7232C9E-466F-46A5-A0A4-EA832733A352}"
EndProject
Global
	GlobalSection(SolutionConfigurationPlatforms) = preSolution
		Debug|x64 = Debug|x64
		Debug|x86 = Debug|x86
		Release|x64 = Release|x64
		Release|x86 = Release|x86
	EndGlobalSection
	GlobalSection(ProjectConfigurationPlatforms) = postSolution
		{EB78804E-5BF9-45D7-8E83-F03765BED7AB}.Debug|x64.ActiveCfg = Debug|x64
		{EB78804E-5BF9-45D7-8E83-F03765BED7AB}.Debug|x64.Build.0 = Debug|x64
		{EB78804E-5BF9-45D7-8E83-F03765BED7AB}.Debug|x86.ActiveCfg = Debug|Win32
		{EB78804E-5BF9-45D7-8E83-F03765BED7AB}.Debug|x86.Build.0 = Debug|Win32
		{EB78804E-5BF9-45D7-8E83-F03765BED7AB}.Release|x64.ActiveCfg = Release|x64
		{EB78804E-5BF9-45D7-8E83-F03765BED7AB}.Release|x64.Build.0 = Release|x64
		{EB78804E-5BF9-45D7-8E83-F03765BED7AB}.Release|x86.ActiveCfg = Release|Win32
		{EB78804E-5BF9-45D7-8E83-F03765BED7AB}.Release|x86.Build.0 = Release|Win32
		{6C8D37B4-41CF-42A1-A344-5F62FD042CAF}.Debug|x64.ActiveCfg = Debug|x64
		{6C8D37B4-41CF-42A1-A344-5F62FD042CAF}.Debug|x64.Build.0 = Debug|x64
		{6C8D37B4-41CF-42A1-A344-5F62FD042CAF}.Debug|x86.ActiveCfg = Debug|Win32
		{6C8D37B4-41CF-42A1-A344-5F62FD042CAF}.Debug|x86.Build.0 = Debug|Win32
		{6C8D37B4-41CF-42A1-A344-5F62FD042CAF}.Release|x64.ActiveCfg = Release|x64
		{6C8D37B4-41CF-42A1-A344-5F62FD042CAF}.Release|x64.Build.0 = Release|x64
		{6C8D37B4-41CF-42A1-A344-5F62FD042CAF}.Release|x86.ActiveCfg = Release|Win32
		{6C8D37B4-41CF-42A1-A344-5F62FD042CAF}.Release|x86.Build.0 = Release|Win32
		{68206C2F-A849-4E47-A524-B0D457D7A09F}.Debug|x64.ActiveCfg = Debug|x64
		{68206C2F-A849-4E47-A524-B0D457D7A09F}.Debug|x64.Build.0 = Debug|x64
		{68206C2F-A849-4E47-A524-B0D457D7A09F}.Debug|x86.ActiveCfg = Debug|Win32
		{68206C2F-A849-4E47-A524-B0D457D7A09F}.Debug|x86.Build.0 = Debug|Win32
		{68206C2F-A849-4E47-A524-B0D457D7A09F}.Release|x64.ActiveCfg = Release|x64
		{68206C2F-A849-4E47-A524-B0D457D7A09F}.Release|x64.Build.0 = Release|x64
		{68206C2F-A849-4E47-A524-B0D457D7A09F}.Release|x86.ActiveCfg = Release|Win32
		{68206C2F-A849-4E47-A524-B0D457D7A09F}.Release|x86.Build.0 = Release|Win32
		{22A9F47B-5CE9-470B-AE62-562504394512}.Debug|x64.ActiveCfg = Debug|x64
		{22A9F47B-5CE9-470B-AE62-562504394512}.Debug|x64.Build.0 = Debug|x64
		{22A9F47B-5CE9-470B-AE62-562504394512}.Debug|x86.ActiveCfg = Debug|Win32
		{22A9F47B-5CE9-470B-AE62-562504394512}.Debug|x86.Build.0 = Debug|Win32
		{22A9F47B-5CE9-470B-AE62-562504394512}.Release|x64.ActiveCfg = Release|x64
		{22A9F47B-5CE9-470B-AE62-562504394512}.Release|x64.Build.0 = Release|x64
		{22A9F47B-5CE9-470B-AE62-562504394512}.Release|x86.ActiveCfg = Release|Win32
		{22A9F47B-5CE9-470B-AE62-562504394512}.Release|x86.Build.0 = Release|Win32
		{AA66E648-1C0F-41D6-B339-9058E5A85B4E}.Debug|x64.ActiveCfg = Debug|x64
		{AA66E648-1C0F-41D6-B339-9058E5A85B4E}.Debug|x64.Build.0 = Debug|x64
		{AA66E648-1C0F-41D6-B339-9058E5A85B4E}.Debug|x86.ActiveCfg = Debug|Win32
		{AA66E648-1C0F-41D6-B339-9058E5A85B4E}.Debug|x86.Build.0 = Debug|Win32
		{AA66E648-1C0F-41D6-B339-9058E5A85B4E}.Release|x64.ActiveCfg = Release|x64
		{AA66E648-1C0F-41D6-B339-9058E5A85B4E}.Release|x64.Build.0 = Release|x64
		{AA66E648-1C0F-41D6-B339-9058E5A85B4E}.Release|x86.ActiveCfg = Release|Win32
		{AA66E648-1C0F-41D6-B339-9058E5A85B4E}.Release|x86.Build.0 = Release|Win32
		{01CFCF37-88B3-4FAB-89AA-7EC1ED70DCE0}.Debug|x64.ActiveCfg = Debug|x64
		{01CFCF37-88B3-4FAB-89AA-7EC1ED70DCE0}.Debug|x64.Build.0 = Debug|x64
		{01CFCF37-88B3-4FAB-89AA-7EC1ED70DCE0}.Debug|x86.ActiveCfg = Debug|Win32
		{01CFCF37-88B3-4FAB-89AA-7EC1ED70DCE0}.Debug|x86.Build.0 = Debug|Win32
		{01CFCF37-88B3-4FAB-89AA-7EC1ED70DCE0}.Release|x64.ActiveCfg = Release|x64
		{01CFCF37-88B3-4FAB-89AA-7EC1ED70DCE0}.Release|x64.Build.0 = Release|x64
		{01CFCF37-88B3-4FAB-89AA-7EC1ED70DCE0}.Release|x86.ActiveCfg = Release|Win32
		{01CFCF37-88B3-4FAB-89AA-7EC1ED70DCE0}.Release|x86.Build.0 = Release|Win32
		{B7232C9E-466F-46A5-A0A4-EA832733A352}.Debug|x64.ActiveCfg = Debug|x64
		{B7232C9E-466F-46A5-A0A4-EA832733A352}.Debug|x64.Build.0 = Debug|x64
		{B7232C9E-466F-46A5-A0A4-EA832733A352}.Debug|x86.ActiveCfg = Debug|Win32
		{B7232C9E-466F-46A5-A0A4-EA832733A352}.Debug|x86.Build.0 = Debug|Win32
		{B7232C9E-466F-46A5-A0A4-EA832733A352}.Release|x64.ActiveCfg = Release|x64
		{B7232C9E-466F-46A5-A0A4-EA832733A352}.Release|x64.Build.0 = Release|x64
		{B7232C9E-466F-46A5-A0A4-EA832733A352}.Release|x86.ActiveCfg = Release|Win32
		{B7232C9E-466F-46A5-A0A4-EA832733A352}.Release|x86.Build.0 = Release|Win32
	EndGlobalSection
	GlobalSection(SolutionProperties) = preSolution
		HideSolutionNode = FALSE
	EndGlobalSection
	GlobalSection(NestedProjects) = preSolution
		{EB78804E-5BF9-45D7-8E83-F03765BED7AB} = {A07672F0-2D07-4A6B-891C-E3109E1E7FD5}
		{6C8D37B4-41CF-42A1-A344-5F62FD042CAF} = {F691C6F0-CCCA-4376-A4F9-FB06F002C99E}
		{68206C2F-A849-4E47-A524-B0D457D7A09F} = {F691C6F0-CCCA-4376-A4F9-FB06F002C99E}
		{22A9F47B-5CE9-470B-AE62-562504394512} = {A4DB8E53-DC91-406A-80C8-637BB750D60D}
		{AA66E648-1C0F-41D6-B339-9058E5A85B4E} = {A07672F0-2D07-4A6B-891C-E3109E1E7FD5}
		{01CFCF37-88B3-4FAB-89AA-7EC1ED70DCE0} = {F691C6F0-CCCA-4376-A4F9-FB06F002C99E}
		{B7232C9E-466F-46A5-A0A4-EA832733A352} = {F691C6F0-CCCA-4376-A4F9-FB06F002C99E}
	EndGlobalSection
	GlobalSection(ExtensibilityGlobals) = postSolution
		SolutionGuid = {6291F018-61C1-4285-ACFA-72300622B6CB}
	EndGlobalSection
EndGlobal
